{
  "name": "tanstack-form-demo",
  "version": "0.0.0",
  "lockfileVersion": 3,
  "requires": true,
  "packages": {
    "": {
      "name": "tanstack-form-demo",
      "version": "0.0.0",
      "dependencies": {
        "@ic-reactor/candid": "^3.0.13-beta.0",
        "@ic-reactor/react": "^3.0.13-beta.0",
        "@icp-sdk/core": "^5.0.0",
        "@tanstack/react-form": "^1.28.0",
        "react": "^19.2.4",
        "react-dom": "^19.2.4",
        "zod": "^4.3.6"
      },
      "devDependencies": {
        "@types/react": "^19.2.10",
        "@types/react-dom": "^19.2.3",
        "@vitejs/plugin-react": "^5.1.0",
        "typescript": "^5.9.3",
        "vite": "^7.3.1"
      }
    },
    "../../node_modules/.pnpm/@icp-sdk+auth@5.0.0_@icp-sdk+core@5.0.0/node_modules/@icp-sdk/auth": {
      "version": "5.0.0",
      "dev": true,
      "license": "Apache-2.0",
      "dependencies": {
        "idb": "^7.1.1"
      },
      "devDependencies": {
        "@biomejs/biome": "^2.3.7",
        "@icp-sdk/core": "^5.0.0",
        "@tanstack/config": "^0.22.1",
        "fake-indexeddb": "^6.2.5",
        "jsdom": "^27.2.0",
        "publint": "^0.3.15",
        "typescript": "^5.9.3",
        "vite": "^7.2.4",
        "vitest": "4.0.14"
      },
      "peerDependencies": {
        "@icp-sdk/core": "^5"
      }
    },
    "../../node_modules/.pnpm/@icp-sdk+core@5.0.0/node_modules/@icp-sdk/core": {
      "version": "5.0.0",
      "dev": true,
      "license": "Apache-2.0",
      "dependencies": {
        "@dfinity/cbor": "^0.2.2",
        "@noble/curves": "^1.9.2",
        "@noble/hashes": "^1.8.0",
        "@scure/bip32": "^1.7.0",
        "@scure/bip39": "^1.6.0",
        "asn1js": "^3.0.5"
      },
      "devDependencies": {
        "@peculiar/webcrypto": "^1.5.0",
        "tsc-alias": "^1.8.16"
      }
    },
    "../../node_modules/.pnpm/@noble+hashes@2.0.1/node_modules/@noble/hashes": {
      "version": "2.0.1",
      "license": "MIT",
      "devDependencies": {
        "@paulmillr/jsbt": "0.4.4",
        "@types/node": "24.2.1",
        "fast-check": "4.2.0",
        "prettier": "3.6.2",
        "typescript": "5.9.2"
      },
      "engines": {
        "node": ">= 20.19.0"
      },
      "funding": {
        "url": "https://paulmillr.com/funding/"
      }
    },
    "../../node_modules/.pnpm/@size-limit+preset-small-lib@12.0.0_size-limit@12.0.0/node_modules/@size-limit/preset-small-lib": {
      "version": "12.0.0",
      "dev": true,
      "license": "MIT",
      "dependencies": {
        "@size-limit/esbuild": "12.0.0",
        "@size-limit/file": "12.0.0",
        "size-limit": "12.0.0"
      },
      "peerDependencies": {
        "size-limit": "12.0.0"
      }
    },
    "../../node_modules/.pnpm/@tanstack+query-core@5.90.20/node_modules/@tanstack/query-core": {
      "version": "5.90.20",
      "dev": true,
      "license": "MIT",
      "devDependencies": {
        "@tanstack/query-test-utils": "0.0.0",
        "npm-run-all2": "^5.0.0"
      },
      "funding": {
        "type": "github",
        "url": "https://github.com/sponsors/tannerlinsley"
      }
    },
    "../../node_modules/.pnpm/@tanstack+react-form@1.28.0_react-dom@19.2.4_react@19.2.4__react@19.2.4/node_modules/@tanstack/react-form": {
      "version": "1.28.0",
      "license": "MIT",
      "dependencies": {
        "@tanstack/form-core": "1.28.0",
        "@tanstack/react-store": "^0.8.0"
      },
      "devDependencies": {
        "@types/react": "^19.0.7",
        "@types/react-dom": "^19.0.3",
        "@vitejs/plugin-react": "^5.1.1",
        "eslint-plugin-react-compiler": "19.1.0-rc.2",
        "react": "^19.0.0",
        "react-dom": "^19.0.0",
        "vite": "^7.2.2"
      },
      "funding": {
        "type": "github",
        "url": "https://github.com/sponsors/tannerlinsley"
      },
      "peerDependencies": {
        "react": "^17.0.0 || ^18.0.0 || ^19.0.0"
      },
      "peerDependenciesMeta": {
        "@tanstack/react-start": {
          "optional": true
        }
      }
    },
    "../../node_modules/.pnpm/@tanstack+react-query@5.90.20_react@19.2.4/node_modules/@tanstack/react-query": {
      "version": "5.90.20",
      "dev": true,
      "license": "MIT",
      "dependencies": {
        "@tanstack/query-core": "5.90.20"
      },
      "devDependencies": {
        "@tanstack/query-persist-client-core": "5.91.19",
        "@tanstack/query-test-utils": "0.0.0",
        "@testing-library/react": "^16.1.0",
        "@testing-library/react-render-stream": "^2.0.2",
        "@types/react": "^19.2.7",
        "@types/react-dom": "^19.2.3",
        "@vitejs/plugin-react": "^4.3.4",
        "cpy-cli": "^5.0.0",
        "npm-run-all2": "^5.0.0",
        "react": "^19.2.1",
        "react-dom": "^19.2.1",
        "react-error-boundary": "^4.1.2"
      },
      "funding": {
        "type": "github",
        "url": "https://github.com/sponsors/tannerlinsley"
      },
      "peerDependencies": {
        "react": "^18 || ^19"
      }
    },
    "../../node_modules/.pnpm/@testing-library+dom@10.4.1/node_modules/@testing-library/dom": {
      "version": "10.4.1",
      "dev": true,
      "license": "MIT",
      "dependencies": {
        "@babel/code-frame": "^7.10.4",
        "@babel/runtime": "^7.12.5",
        "@types/aria-query": "^5.0.1",
        "aria-query": "5.3.0",
        "dom-accessibility-api": "^0.5.9",
        "lz-string": "^1.5.0",
        "picocolors": "1.1.1",
        "pretty-format": "^27.0.2"
      },
      "devDependencies": {
        "@testing-library/jest-dom": "^5.11.6",
        "browserslist": "4.21.8",
        "caniuse-lite": "1.0.30001502",
        "jest-in-case": "^1.0.2",
        "jest-snapshot-serializer-ansi": "^1.0.0",
        "jest-watch-select-projects": "^2.0.0",
        "jsdom": "20.0.0",
        "kcd-scripts": "^13.0.0",
        "typescript": "^4.1.2"
      },
      "engines": {
        "node": ">=18"
      }
    },
    "../../node_modules/.pnpm/@testing-library+jest-dom@6.9.1/node_modules/@testing-library/jest-dom": {
      "version": "6.9.1",
      "dev": true,
      "license": "MIT",
      "dependencies": {
        "@adobe/css-tools": "^4.4.0",
        "aria-query": "^5.0.0",
        "css.escape": "^1.5.1",
        "dom-accessibility-api": "^0.6.3",
        "picocolors": "^1.1.1",
        "redent": "^3.0.0"
      },
      "devDependencies": {
        "@jest/globals": "^29.6.2",
        "@rollup/plugin-commonjs": "^25.0.4",
        "@types/bun": "latest",
        "@types/web": "latest",
        "expect": "^29.6.2",
        "jest-environment-jsdom-sixteen": "^1.0.3",
        "jest-watch-select-projects": "^2.0.0",
        "jsdom": "^16.2.1",
        "kcd-scripts": "^14.0.0",
        "pretty-format": "^25.1.0",
        "rollup": "^3.28.1",
        "rollup-plugin-delete": "^2.0.0",
        "typescript": "^5.1.6",
        "vitest": "^0.34.1"
      },
      "engines": {
        "node": ">=14",
        "npm": ">=6",
        "yarn": ">=1"
      }
    },
    "../../node_modules/.pnpm/@testing-library+react@16.3.2_@testing-library+dom@10.4.1_@types+react-dom@19.2.3_@type_adc8b6677eeaca8a5d348b93503f3123/node_modules/@testing-library/react": {
      "version": "16.3.2",
      "dev": true,
      "license": "MIT",
      "dependencies": {
        "@babel/runtime": "^7.12.5"
      },
      "devDependencies": {
        "@testing-library/dom": "^10.0.0",
        "@testing-library/jest-dom": "^5.11.6",
        "@types/react": "^19.0.0",
        "@types/react-dom": "^19.0.0",
        "chalk": "^4.1.2",
        "dotenv-cli": "^4.0.0",
        "jest-diff": "^29.7.0",
        "kcd-scripts": "^13.0.0",
        "npm-run-all2": "^6.2.6",
        "react": "^19.0.0",
        "react-dom": "^19.0.0",
        "rimraf": "^3.0.2",
        "typescript": "^5.9.3"
      },
      "engines": {
        "node": ">=18"
      },
      "peerDependencies": {
        "@testing-library/dom": "^10.0.0",
        "@types/react": "^18.0.0 || ^19.0.0",
        "@types/react-dom": "^18.0.0 || ^19.0.0",
        "react": "^18.0.0 || ^19.0.0",
        "react-dom": "^18.0.0 || ^19.0.0"
      },
      "peerDependenciesMeta": {
        "@types/react": {
          "optional": true
        },
        "@types/react-dom": {
          "optional": true
        }
      }
    },
    "../../node_modules/.pnpm/@types+node@25.0.10/node_modules/@types/node": {
      "version": "25.0.10",
      "dev": true,
      "license": "MIT",
      "dependencies": {
        "undici-types": "~7.16.0"
      }
    },
    "../../node_modules/.pnpm/@types+react-dom@19.2.3_@types+react@19.2.10/node_modules/@types/react-dom": {
      "version": "19.2.3",
      "dev": true,
      "license": "MIT",
      "peerDependencies": {
        "@types/react": "^19.2.0"
      }
    },
    "../../node_modules/.pnpm/@types+react-dom@19.2.3_@types+react@19.2.9/node_modules/@types/react-dom": {
      "version": "19.2.3",
      "dev": true,
      "license": "MIT",
      "peerDependencies": {
        "@types/react": "^19.2.0"
      }
    },
    "../../node_modules/.pnpm/@types+react@19.2.10/node_modules/@types/react": {
      "version": "19.2.10",
      "dev": true,
      "license": "MIT",
      "dependencies": {
        "csstype": "^3.2.2"
      }
    },
    "../../node_modules/.pnpm/@types+react@19.2.9/node_modules/@types/react": {
      "version": "19.2.9",
      "dev": true,
      "license": "MIT",
      "dependencies": {
        "csstype": "^3.2.2"
      }
    },
    "../../node_modules/.pnpm/@vitejs+plugin-react@5.1.2_vite@7.3.1_@types+node@25.0.10_yaml@2.8.2_/node_modules/@vitejs/plugin-react": {
      "version": "5.1.2",
      "dev": true,
      "license": "MIT",
      "dependencies": {
        "@babel/core": "^7.28.5",
        "@babel/plugin-transform-react-jsx-self": "^7.27.1",
        "@babel/plugin-transform-react-jsx-source": "^7.27.1",
        "@rolldown/pluginutils": "1.0.0-beta.53",
        "@types/babel__core": "^7.20.5",
        "react-refresh": "^0.18.0"
      },
      "devDependencies": {
        "@vitejs/react-common": "workspace:*",
        "babel-plugin-react-compiler": "19.1.0-rc.3",
        "react": "^19.2.1",
        "react-dom": "^19.2.1",
        "rolldown": "1.0.0-beta.53",
        "tsdown": "^0.17.1"
      },
      "engines": {
        "node": "^20.19.0 || >=22.12.0"
      },
      "peerDependencies": {
        "vite": "^4.2.0 || ^5.0.0 || ^6.0.0 || ^7.0.0"
      }
    },
    "../../node_modules/.pnpm/fake-indexeddb@6.2.5/node_modules/fake-indexeddb": {
      "version": "6.2.5",
      "dev": true,
      "license": "Apache-2.0",
      "devDependencies": {
        "@babel/cli": "^7.27.2",
        "@babel/core": "^7.27.4",
        "@babel/plugin-transform-modules-commonjs": "^7.27.1",
        "@babel/preset-env": "^7.27.2",
        "@babel/preset-typescript": "^7.27.1",
        "@types/mocha": "^10.0.10",
        "@types/node": "^24.0.0",
        "@typescript-eslint/eslint-plugin": "^7.18.0",
        "@typescript-eslint/parser": "^7.18.0",
        "babel-plugin-add-module-exports": "^1.0.4",
        "babelify": "^10.0.0",
        "browserify": "^17.0.1",
        "core-js": "^3.43.0",
        "dexie": "^4.0.11",
        "eslint": "^8.57.1",
        "eslint-config-prettier": "^9.1.0",
        "eslint-plugin-import": "^2.32.0",
        "glob": "^11.0.2",
        "husky": "^9.1.7",
        "jest": "^30.0.0",
        "lint-staged": "^16.1.0",
        "mocha": "^11.6.0",
        "node-qunit-phantomjs": "^2.1.1",
        "prettier": "^3.5.3",
        "qunitjs": "^1.23.1",
        "smol-toml": "^1.4.1",
        "typescript": "^5.8.3"
      },
      "engines": {
        "node": ">=18"
      }
    },
    "../../node_modules/.pnpm/jsdom@27.4.0_@noble+hashes@2.0.1/node_modules/jsdom": {
      "version": "27.4.0",
      "dev": true,
      "license": "MIT",
      "dependencies": {
        "@acemir/cssom": "^0.9.28",
        "@asamuzakjp/dom-selector": "^6.7.6",
        "@exodus/bytes": "^1.6.0",
        "cssstyle": "^5.3.4",
        "data-urls": "^6.0.0",
        "decimal.js": "^10.6.0",
        "html-encoding-sniffer": "^6.0.0",
        "http-proxy-agent": "^7.0.2",
        "https-proxy-agent": "^7.0.6",
        "is-potential-custom-element-name": "^1.0.1",
        "parse5": "^8.0.0",
        "saxes": "^6.0.0",
        "symbol-tree": "^3.2.4",
        "tough-cookie": "^6.0.0",
        "w3c-xmlserializer": "^5.0.0",
        "webidl-conversions": "^8.0.0",
        "whatwg-mimetype": "^4.0.0",
        "whatwg-url": "^15.1.0",
        "ws": "^8.18.3",
        "xml-name-validator": "^5.0.0"
      },
      "devDependencies": {
        "@domenic/eslint-config": "^4.0.1",
        "benchmark": "^2.1.4",
        "eslint": "^9.39.1",
        "eslint-plugin-html": "^8.1.3",
        "globals": "^16.5.0",
        "js-yaml": "^4.1.1",
        "minimatch": "^10.1.1",
        "mocha": "^11.7.5",
        "mocha-sugar-free": "^1.4.0",
        "npm-run-all2": "^8.0.4",
        "pngjs": "^7.0.0",
        "server-destroy": "^1.0.1",
        "webidl2js": "^19.1.0",
        "yargs": "^18.0.0"
      },
      "engines": {
        "node": "^20.19.0 || ^22.12.0 || >=24.0.0"
      },
      "peerDependencies": {
        "canvas": "^3.0.0"
      },
      "peerDependenciesMeta": {
        "canvas": {
          "optional": true
        }
      }
    },
    "../../node_modules/.pnpm/react-dom@19.2.4_react@19.2.4/node_modules/react-dom": {
      "version": "19.2.4",
      "dev": true,
      "license": "MIT",
      "dependencies": {
        "scheduler": "^0.27.0"
      },
      "peerDependencies": {
        "react": "^19.2.4"
      }
    },
    "../../node_modules/.pnpm/react@19.2.4/node_modules/react": {
      "version": "19.2.4",
      "dev": true,
      "license": "MIT",
      "engines": {
        "node": ">=0.10.0"
      }
    },
    "../../node_modules/.pnpm/size-limit@12.0.0/node_modules/size-limit": {
      "version": "12.0.0",
      "dev": true,
      "license": "MIT",
      "dependencies": {
        "bytes-iec": "^3.1.1",
        "lilconfig": "^3.1.3",
        "nanospinner": "^1.2.2",
        "picocolors": "^1.1.1",
        "tinyglobby": "^0.2.15"
      },
      "bin": {
        "size-limit": "bin.js"
      },
      "devDependencies": {
        "@size-limit/esbuild": "workspace:*",
        "@size-limit/file": "workspace:*",
        "@size-limit/webpack": "workspace:*"
      },
      "engines": {
        "node": "^20.0.0 || ^22.0.0 || >=24.0.0"
      },
      "peerDependencies": {
        "jiti": "^2.0.0"
      },
      "peerDependenciesMeta": {
        "jiti": {
          "optional": true
        }
      }
    },
    "../../node_modules/.pnpm/typescript@5.9.3/node_modules/typescript": {
      "version": "5.9.3",
      "dev": true,
      "license": "Apache-2.0",
      "bin": {
        "tsc": "bin/tsc",
        "tsserver": "bin/tsserver"
      },
      "devDependencies": {
        "@dprint/formatter": "^0.4.1",
        "@dprint/typescript": "0.93.4",
        "@esfx/canceltoken": "^1.0.0",
        "@eslint/js": "^9.20.0",
        "@octokit/rest": "^21.1.1",
        "@types/chai": "^4.3.20",
        "@types/diff": "^7.0.1",
        "@types/minimist": "^1.2.5",
        "@types/mocha": "^10.0.10",
        "@types/ms": "^0.7.34",
        "@types/node": "latest",
        "@types/source-map-support": "^0.5.10",
        "@types/which": "^3.0.4",
        "@typescript-eslint/rule-tester": "^8.24.1",
        "@typescript-eslint/type-utils": "^8.24.1",
        "@typescript-eslint/utils": "^8.24.1",
        "azure-devops-node-api": "^14.1.0",
        "c8": "^10.1.3",
        "chai": "^4.5.0",
        "chokidar": "^4.0.3",
        "diff": "^7.0.0",
        "dprint": "^0.49.0",
        "esbuild": "^0.25.0",
        "eslint": "^9.20.1",
        "eslint-formatter-autolinkable-stylish": "^1.4.0",
        "eslint-plugin-regexp": "^2.7.0",
        "fast-xml-parser": "^4.5.2",
        "glob": "^10.4.5",
        "globals": "^15.15.0",
        "hereby": "^1.10.0",
        "jsonc-parser": "^3.3.1",
        "knip": "^5.44.4",
        "minimist": "^1.2.8",
        "mocha": "^10.8.2",
        "mocha-fivemat-progress-reporter": "^0.1.0",
        "monocart-coverage-reports": "^2.12.1",
        "ms": "^2.1.3",
        "picocolors": "^1.1.1",
        "playwright": "^1.50.1",
        "source-map-support": "^0.5.21",
        "tslib": "^2.8.1",
        "typescript": "^5.7.3",
        "typescript-eslint": "^8.24.1",
        "which": "^3.0.1"
      },
      "engines": {
        "node": ">=14.17"
      }
    },
    "../../node_modules/.pnpm/vite@7.3.1_@types+node@25.0.10_yaml@2.8.2/node_modules/vite": {
      "version": "7.3.1",
      "dev": true,
      "license": "MIT",
      "dependencies": {
        "esbuild": "^0.27.0",
        "fdir": "^6.5.0",
        "picomatch": "^4.0.3",
        "postcss": "^8.5.6",
        "rollup": "^4.43.0",
        "tinyglobby": "^0.2.15"
      },
      "bin": {
        "vite": "bin/vite.js"
      },
      "devDependencies": {
        "@babel/parser": "^7.28.5",
        "@jridgewell/remapping": "^2.3.5",
        "@jridgewell/trace-mapping": "^0.3.31",
        "@oxc-project/types": "0.95.0",
        "@polka/compression": "^1.0.0-next.25",
        "@rolldown/pluginutils": "^1.0.0-beta.52",
        "@rollup/plugin-alias": "^5.1.1",
        "@rollup/plugin-commonjs": "^29.0.0",
        "@rollup/plugin-dynamic-import-vars": "2.1.4",
        "@rollup/pluginutils": "^5.3.0",
        "@types/escape-html": "^1.0.4",
        "@types/pnpapi": "^0.0.5",
        "artichokie": "^0.4.2",
        "baseline-browser-mapping": "^2.8.32",
        "cac": "^6.7.14",
        "chokidar": "^3.6.0",
        "connect": "^3.7.0",
        "convert-source-map": "^2.0.0",
        "cors": "^2.8.5",
        "cross-spawn": "^7.0.6",
        "dotenv": "^17.2.3",
        "dotenv-expand": "^12.0.3",
        "es-module-lexer": "^1.7.0",
        "escape-html": "^1.0.3",
        "estree-walker": "^3.0.3",
        "etag": "^1.8.1",
        "host-validation-middleware": "^0.1.2",
        "http-proxy-3": "^1.22.0",
        "launch-editor-middleware": "^2.12.0",
        "lightningcss": "^1.30.2",
        "magic-string": "^0.30.21",
        "mlly": "^1.8.0",
        "mrmime": "^2.0.1",
        "nanoid": "^5.1.6",
        "obug": "^1.0.2",
        "open": "^10.2.0",
        "parse5": "^8.0.0",
        "pathe": "^2.0.3",
        "periscopic": "^4.0.2",
        "picocolors": "^1.1.1",
        "postcss-import": "^16.1.1",
        "postcss-load-config": "^6.0.1",
        "postcss-modules": "^6.0.1",
        "premove": "^4.0.0",
        "resolve.exports": "^2.0.3",
        "rolldown": "^1.0.0-beta.52",
        "rolldown-plugin-dts": "^0.18.1",
        "rollup-plugin-license": "^3.6.0",
        "sass": "^1.94.2",
        "sass-embedded": "^1.93.3",
        "sirv": "^3.0.2",
        "strip-literal": "^3.1.0",
        "terser": "^5.44.1",
        "tsconfck": "^3.1.6",
        "ufo": "^1.6.1",
        "ws": "^8.18.3"
      },
      "engines": {
        "node": "^20.19.0 || >=22.12.0"
      },
      "funding": {
        "url": "https://github.com/vitejs/vite?sponsor=1"
      },
      "optionalDependencies": {
        "fsevents": "~2.3.3"
      },
      "peerDependencies": {
        "@types/node": "^20.19.0 || >=22.12.0",
        "jiti": ">=1.21.0",
        "less": "^4.0.0",
        "lightningcss": "^1.21.0",
        "sass": "^1.70.0",
        "sass-embedded": "^1.70.0",
        "stylus": ">=0.54.8",
        "sugarss": "^5.0.0",
        "terser": "^5.16.0",
        "tsx": "^4.8.1",
        "yaml": "^2.4.2"
      },
      "peerDependenciesMeta": {
        "@types/node": {
          "optional": true
        },
        "jiti": {
          "optional": true
        },
        "less": {
          "optional": true
        },
        "lightningcss": {
          "optional": true
        },
        "sass": {
          "optional": true
        },
        "sass-embedded": {
          "optional": true
        },
        "stylus": {
          "optional": true
        },
        "sugarss": {
          "optional": true
        },
        "terser": {
          "optional": true
        },
        "tsx": {
          "optional": true
        },
        "yaml": {
          "optional": true
        }
      }
    },
    "../../node_modules/.pnpm/vitest@4.0.18_@types+node@25.0.10_happy-dom@20.3.9_jsdom@27.4.0_@noble+hashes@2.0.1__yaml@2.8.2/node_modules/vitest": {
      "version": "4.0.18",
      "dev": true,
      "license": "MIT",
      "dependencies": {
        "@vitest/expect": "4.0.18",
        "@vitest/mocker": "4.0.18",
        "@vitest/pretty-format": "4.0.18",
        "@vitest/runner": "4.0.18",
        "@vitest/snapshot": "4.0.18",
        "@vitest/spy": "4.0.18",
        "@vitest/utils": "4.0.18",
        "es-module-lexer": "^1.7.0",
        "expect-type": "^1.2.2",
        "magic-string": "^0.30.21",
        "obug": "^2.1.1",
        "pathe": "^2.0.3",
        "picomatch": "^4.0.3",
        "std-env": "^3.10.0",
        "tinybench": "^2.9.0",
        "tinyexec": "^1.0.2",
        "tinyglobby": "^0.2.15",
        "tinyrainbow": "^3.0.3",
        "vite": "^6.0.0 || ^7.0.0",
        "why-is-node-running": "^2.3.0"
      },
      "bin": {
        "vitest": "vitest.mjs"
      },
      "devDependencies": {
        "@antfu/install-pkg": "^1.1.0",
        "@edge-runtime/vm": "^5.0.0",
        "@jridgewell/trace-mapping": "0.3.31",
        "@opentelemetry/api": "^1.9.0",
        "@sinonjs/fake-timers": "14.0.0",
        "@types/estree": "^1.0.8",
        "@types/istanbul-lib-coverage": "^2.0.6",
        "@types/istanbul-reports": "^3.0.4",
        "@types/jsdom": "^27.0.0",
        "@types/node": "^24.10.1",
        "@types/picomatch": "^4.0.2",
        "@types/prompts": "^2.4.9",
        "@types/sinonjs__fake-timers": "^8.1.5",
        "acorn-walk": "^8.3.4",
        "birpc": "^4.0.0",
        "cac": "^6.7.14",
        "empathic": "^2.0.0",
        "flatted": "^3.3.3",
        "happy-dom": "^20.0.11",
        "jsdom": "^27.2.0",
        "local-pkg": "^1.1.2",
        "mime": "^4.1.0",
        "prompts": "^2.4.2",
        "strip-literal": "^3.1.0",
        "ws": "^8.18.3"
      },
      "engines": {
        "node": "^20.0.0 || ^22.0.0 || >=24.0.0"
      },
      "funding": {
        "url": "https://opencollective.com/vitest"
      },
      "peerDependencies": {
        "@edge-runtime/vm": "*",
        "@opentelemetry/api": "^1.9.0",
        "@types/node": "^20.0.0 || ^22.0.0 || >=24.0.0",
        "@vitest/browser-playwright": "4.0.18",
        "@vitest/browser-preview": "4.0.18",
        "@vitest/browser-webdriverio": "4.0.18",
        "@vitest/ui": "4.0.18",
        "happy-dom": "*",
        "jsdom": "*"
      },
      "peerDependenciesMeta": {
        "@edge-runtime/vm": {
          "optional": true
        },
        "@opentelemetry/api": {
          "optional": true
        },
        "@types/node": {
          "optional": true
        },
        "@vitest/browser-playwright": {
          "optional": true
        },
        "@vitest/browser-preview": {
          "optional": true
        },
        "@vitest/browser-webdriverio": {
          "optional": true
        },
        "@vitest/ui": {
          "optional": true
        },
        "happy-dom": {
          "optional": true
        },
        "jsdom": {
          "optional": true
        }
      }
    },
    "../../node_modules/.pnpm/zod@4.3.6/node_modules/zod": {
      "version": "4.3.6",
      "license": "MIT",
      "funding": {
        "url": "https://github.com/sponsors/colinhacks"
      }
    },
    "../../packages/candid": {
      "name": "@ic-reactor/candid",
      "version": "3.0.13-beta.0",
      "license": "MIT",
      "dependencies": {
        "@ic-reactor/core": "workspace:^",
        "@noble/hashes": "^2.0.1",
        "zod": "^4.3.5"
      },
      "devDependencies": {
        "@icp-sdk/core": "^5.0.0",
        "@size-limit/preset-small-lib": "^12.0.0",
        "@types/node": "^25.0.9",
        "size-limit": "^12.0.0",
        "vitest": "^4.0.17"
      },
      "peerDependencies": {
        "@icp-sdk/core": "^5.0.0",
        "@noble/hashes": "^2.0.0",
        "zod": "^4.3.5"
      }
    },
    "../../packages/candid/node_modules/@ic-reactor/core": {
      "resolved": "../../packages/core",
      "link": true
    },
    "../../packages/candid/node_modules/@icp-sdk/core": {
      "resolved": "../../node_modules/.pnpm/@icp-sdk+core@5.0.0/node_modules/@icp-sdk/core",
      "link": true
    },
    "../../packages/candid/node_modules/@noble/hashes": {
      "resolved": "../../node_modules/.pnpm/@noble+hashes@2.0.1/node_modules/@noble/hashes",
      "link": true
    },
    "../../packages/candid/node_modules/@size-limit/preset-small-lib": {
      "resolved": "../../node_modules/.pnpm/@size-limit+preset-small-lib@12.0.0_size-limit@12.0.0/node_modules/@size-limit/preset-small-lib",
      "link": true
    },
    "../../packages/candid/node_modules/@types/node": {
      "resolved": "../../node_modules/.pnpm/@types+node@25.0.10/node_modules/@types/node",
      "link": true
    },
    "../../packages/candid/node_modules/size-limit": {
      "resolved": "../../node_modules/.pnpm/size-limit@12.0.0/node_modules/size-limit",
      "link": true
    },
    "../../packages/candid/node_modules/vitest": {
      "resolved": "../../node_modules/.pnpm/vitest@4.0.18_@types+node@25.0.10_happy-dom@20.3.9_jsdom@27.4.0_@noble+hashes@2.0.1__yaml@2.8.2/node_modules/vitest",
      "link": true
    },
    "../../packages/candid/node_modules/zod": {
      "resolved": "../../node_modules/.pnpm/zod@4.3.6/node_modules/zod",
      "link": true
    },
    "../../packages/core": {
      "name": "@ic-reactor/core",
      "version": "3.0.13-beta.0",
      "license": "MIT",
      "dependencies": {
        "zod": "^4.3.6"
      },
      "devDependencies": {
        "@icp-sdk/auth": "^5.0.0",
        "@icp-sdk/core": "^5.0.0",
        "@size-limit/preset-small-lib": "^12.0.0",
        "@tanstack/query-core": "^5.90",
        "@tanstack/react-query": "^5.90",
        "@types/node": "^25.0.9",
        "fake-indexeddb": "^6.2.5",
        "size-limit": "^12.0.0",
        "vitest": "^4.0.17"
      },
      "peerDependencies": {
        "@icp-sdk/auth": "^5.0.0",
        "@icp-sdk/core": "^5.0.0",
        "@tanstack/query-core": "^5.0.0",
        "zod": "^4.3.5"
      },
      "peerDependenciesMeta": {
        "@icp-sdk/auth": {
          "optional": true
        },
        "@tanstack/query-core": {
          "optional": true
        }
      }
    },
    "../../packages/core/node_modules/@icp-sdk/auth": {
      "resolved": "../../node_modules/.pnpm/@icp-sdk+auth@5.0.0_@icp-sdk+core@5.0.0/node_modules/@icp-sdk/auth",
      "link": true
    },
    "../../packages/core/node_modules/@icp-sdk/core": {
      "resolved": "../../node_modules/.pnpm/@icp-sdk+core@5.0.0/node_modules/@icp-sdk/core",
      "link": true
    },
    "../../packages/core/node_modules/@size-limit/preset-small-lib": {
      "resolved": "../../node_modules/.pnpm/@size-limit+preset-small-lib@12.0.0_size-limit@12.0.0/node_modules/@size-limit/preset-small-lib",
      "link": true
    },
    "../../packages/core/node_modules/@tanstack/query-core": {
      "resolved": "../../node_modules/.pnpm/@tanstack+query-core@5.90.20/node_modules/@tanstack/query-core",
      "link": true
    },
    "../../packages/core/node_modules/@tanstack/react-query": {
      "resolved": "../../node_modules/.pnpm/@tanstack+react-query@5.90.20_react@19.2.4/node_modules/@tanstack/react-query",
      "link": true
    },
    "../../packages/core/node_modules/@types/node": {
      "resolved": "../../node_modules/.pnpm/@types+node@25.0.10/node_modules/@types/node",
      "link": true
    },
    "../../packages/core/node_modules/fake-indexeddb": {
      "resolved": "../../node_modules/.pnpm/fake-indexeddb@6.2.5/node_modules/fake-indexeddb",
      "link": true
    },
    "../../packages/core/node_modules/size-limit": {
      "resolved": "../../node_modules/.pnpm/size-limit@12.0.0/node_modules/size-limit",
      "link": true
    },
    "../../packages/core/node_modules/vitest": {
      "resolved": "../../node_modules/.pnpm/vitest@4.0.18_@types+node@25.0.10_happy-dom@20.3.9_jsdom@27.4.0_@noble+hashes@2.0.1__yaml@2.8.2/node_modules/vitest",
      "link": true
    },
    "../../packages/core/node_modules/zod": {
      "resolved": "../../node_modules/.pnpm/zod@4.3.6/node_modules/zod",
      "link": true
    },
    "../../packages/react": {
      "name": "@ic-reactor/react",
      "version": "3.0.13-beta.0",
      "license": "MIT",
      "dependencies": {
        "@ic-reactor/core": "workspace:^"
      },
      "devDependencies": {
        "@icp-sdk/auth": "^5.0.0",
        "@icp-sdk/core": "^5.0.0",
        "@size-limit/preset-small-lib": "^12.0.0",
        "@tanstack/react-query": "^5.90",
        "@testing-library/dom": "^10.4.1",
        "@testing-library/jest-dom": "^6.9.1",
        "@testing-library/react": "^16.3.2",
        "@types/react": "^19.2.7",
        "@types/react-dom": "^19.2.3",
        "fake-indexeddb": "^6.2.5",
        "jsdom": "^27.4.0",
        "react": "^19.2.3",
        "react-dom": "^19.2.3",
        "size-limit": "^12.0.0",
        "vitest": "^4.0.17"
      },
      "peerDependencies": {
        "@tanstack/react-query": "^5.0.0",
        "react": ">=18.0.0",
        "react-dom": ">=18.0.0"
      }
    },
    "../../packages/react/node_modules/@ic-reactor/core": {
      "resolved": "../../packages/core",
      "link": true
    },
    "../../packages/react/node_modules/@icp-sdk/auth": {
      "resolved": "../../node_modules/.pnpm/@icp-sdk+auth@5.0.0_@icp-sdk+core@5.0.0/node_modules/@icp-sdk/auth",
      "link": true
    },
    "../../packages/react/node_modules/@icp-sdk/core": {
      "resolved": "../../node_modules/.pnpm/@icp-sdk+core@5.0.0/node_modules/@icp-sdk/core",
      "link": true
    },
    "../../packages/react/node_modules/@size-limit/preset-small-lib": {
      "resolved": "../../node_modules/.pnpm/@size-limit+preset-small-lib@12.0.0_size-limit@12.0.0/node_modules/@size-limit/preset-small-lib",
      "link": true
    },
    "../../packages/react/node_modules/@tanstack/react-query": {
      "resolved": "../../node_modules/.pnpm/@tanstack+react-query@5.90.20_react@19.2.4/node_modules/@tanstack/react-query",
      "link": true
    },
    "../../packages/react/node_modules/@testing-library/dom": {
      "resolved": "../../node_modules/.pnpm/@testing-library+dom@10.4.1/node_modules/@testing-library/dom",
      "link": true
    },
    "../../packages/react/node_modules/@testing-library/jest-dom": {
      "resolved": "../../node_modules/.pnpm/@testing-library+jest-dom@6.9.1/node_modules/@testing-library/jest-dom",
      "link": true
    },
    "../../packages/react/node_modules/@testing-library/react": {
      "resolved": "../../node_modules/.pnpm/@testing-library+react@16.3.2_@testing-library+dom@10.4.1_@types+react-dom@19.2.3_@type_adc8b6677eeaca8a5d348b93503f3123/node_modules/@testing-library/react",
      "link": true
    },
    "../../packages/react/node_modules/@types/react": {
      "resolved": "../../node_modules/.pnpm/@types+react@19.2.9/node_modules/@types/react",
      "link": true
    },
    "../../packages/react/node_modules/@types/react-dom": {
      "resolved": "../../node_modules/.pnpm/@types+react-dom@19.2.3_@types+react@19.2.9/node_modules/@types/react-dom",
      "link": true
    },
    "../../packages/react/node_modules/fake-indexeddb": {
      "resolved": "../../node_modules/.pnpm/fake-indexeddb@6.2.5/node_modules/fake-indexeddb",
      "link": true
    },
    "../../packages/react/node_modules/jsdom": {
      "resolved": "../../node_modules/.pnpm/jsdom@27.4.0_@noble+hashes@2.0.1/node_modules/jsdom",
      "link": true
    },
    "../../packages/react/node_modules/react": {
      "resolved": "../../node_modules/.pnpm/react@19.2.4/node_modules/react",
      "link": true
    },
    "../../packages/react/node_modules/react-dom": {
      "resolved": "../../node_modules/.pnpm/react-dom@19.2.4_react@19.2.4/node_modules/react-dom",
      "link": true
    },
    "../../packages/react/node_modules/size-limit": {
      "resolved": "../../node_modules/.pnpm/size-limit@12.0.0/node_modules/size-limit",
      "link": true
    },
    "../../packages/react/node_modules/vitest": {
      "resolved": "../../node_modules/.pnpm/vitest@4.0.18_@types+node@25.0.10_happy-dom@20.3.9_jsdom@27.4.0_@noble+hashes@2.0.1__yaml@2.8.2/node_modules/vitest",
      "link": true
    },
    "node_modules/@ic-reactor/candid": {
      "resolved": "../../packages/candid",
      "link": true
    },
    "node_modules/@ic-reactor/react": {
      "resolved": "../../packages/react",
      "link": true
    },
    "node_modules/@icp-sdk/core": {
      "resolved": "../../node_modules/.pnpm/@icp-sdk+core@5.0.0/node_modules/@icp-sdk/core",
      "link": true
    },
    "node_modules/@tanstack/react-form": {
      "resolved": "../../node_modules/.pnpm/@tanstack+react-form@1.28.0_react-dom@19.2.4_react@19.2.4__react@19.2.4/node_modules/@tanstack/react-form",
      "link": true
    },
    "node_modules/@types/react": {
      "resolved": "../../node_modules/.pnpm/@types+react@19.2.10/node_modules/@types/react",
      "link": true
    },
    "node_modules/@types/react-dom": {
      "resolved": "../../node_modules/.pnpm/@types+react-dom@19.2.3_@types+react@19.2.10/node_modules/@types/react-dom",
      "link": true
    },
    "node_modules/@vitejs/plugin-react": {
      "resolved": "../../node_modules/.pnpm/@vitejs+plugin-react@5.1.2_vite@7.3.1_@types+node@25.0.10_yaml@2.8.2_/node_modules/@vitejs/plugin-react",
      "link": true
    },
    "node_modules/react": {
      "resolved": "../../node_modules/.pnpm/react@19.2.4/node_modules/react",
      "link": true
    },
    "node_modules/react-dom": {
      "resolved": "../../node_modules/.pnpm/react-dom@19.2.4_react@19.2.4/node_modules/react-dom",
      "link": true
    },
    "node_modules/typescript": {
      "resolved": "../../node_modules/.pnpm/typescript@5.9.3/node_modules/typescript",
      "link": true
    },
    "node_modules/vite": {
      "resolved": "../../node_modules/.pnpm/vite@7.3.1_@types+node@25.0.10_yaml@2.8.2/node_modules/vite",
      "link": true
    },
    "node_modules/zod": {
      "resolved": "../../node_modules/.pnpm/zod@4.3.6/node_modules/zod",
      "link": true
    }
  }
}
