lockfileVersion: '9.0'

settings:
  autoInstallPeers: true
  excludeLinksFromLockfile: false

importers:

  .:
    dependencies:
      '@ic-reactor/candid':
        specifier: ^3.6.0
        version: 3.6.0(@icp-sdk/core@5.4.0)(@tanstack/query-core@5.101.2)(zod@4.4.3)
      '@ic-reactor/parser':
        specifier: ^0.4.5
        version: 0.4.5(@noble/curves@1.9.7)
      '@ic-reactor/react':
        specifier: ^3.6.0
        version: 3.6.0(@icp-sdk/core@5.4.0)(@tanstack/query-core@5.101.2)(@tanstack/react-query@5.101.2(react@19.2.7))(react-dom@19.2.7(react@19.2.7))(react@19.2.7)(zod@4.4.3)
      '@icp-sdk/core':
        specifier: ^5.4.0
        version: 5.4.0
      '@tanstack/react-query':
        specifier: ^5.101.2
        version: 5.101.2(react@19.2.7)
      react:
        specifier: ^19.2.7
        version: 19.2.7
      react-dom:
        specifier: ^19.2.7
        version: 19.2.7(react@19.2.7)
      vite:
        specifier: ^8.1.3
        version: 8.1.3(esbuild@0.28.1)
    devDependencies:
      '@ic-reactor/vite-plugin':
        specifier: ^0.11.1
        version: 0.11.1(vite@8.1.3(esbuild@0.28.1))
      '@types/react':
        specifier: ^19.2.3
        version: 19.2.17
      '@types/react-dom':
        specifier: ^19.2.3
        version: 19.2.3(@types/react@19.2.17)
      typescript:
        specifier: ^6.0.3
        version: 6.0.3

packages:

  '@dfinity/agent@3.4.3':
    resolution: {integrity: sha512-qOJqvZdMzncbbYX3eUjlAqvP66DQuOQgBFQE06yzI3m/lVXnefxvY7wE9Y1Sb2wjVIQs6W2rfjixnn4EEjHAZg==}
    deprecated: 'This package has been deprecated. Use @icp-sdk/core/agent instead. Migration guide: https://js.icp.build/core/latest/upgrading/v5'
    peerDependencies:
      '@dfinity/candid': 3.4.3
      '@dfinity/principal': 3.4.3
      '@noble/hashes': ^1.8.0

  '@dfinity/auth-client@3.4.3':
    resolution: {integrity: sha512-E2jIjlZa2eKFxdZWU8MbicfuX4fms0tJwBB8qDfm/OKn7q/h5NX02vGL3E6qiKvi9aOKNeQFQg+iUNulpKLjyw==}
    deprecated: This package has been deprecated. Its functionality is now part of `@icp-sdk/auth` (https://js.icp.build/auth), under the `client` submodule.
    peerDependencies:
      '@dfinity/agent': 3.4.3
      '@dfinity/identity': 3.4.3
      '@dfinity/principal': 3.4.3

  '@dfinity/candid@3.4.3':
    resolution: {integrity: sha512-M2MuNariyCZHvxT0IXvMWmg8jvG19EORDveoFm7PCIVXLgYfWSy0P59t6tQ24D72yRGu40CRLm85aqpt3cRvxw==}
    deprecated: 'This package has been deprecated. Use @icp-sdk/core/candid instead. Migration guide: https://js.icp.build/core/latest/upgrading/v5'
    peerDependencies:
      '@dfinity/principal': 3.4.3

  '@dfinity/cbor@0.2.3':
    resolution: {integrity: sha512-5GX+9tAf29r94Pxv8nCzrv2/t+AkOfem/c/G61+FA2Wadq7THvc5cvr/AVLH0LpukVfNSWRRHvl1fkCdiB9MMQ==}

  '@dfinity/identity@3.4.3':
    resolution: {integrity: sha512-mAsdmlaZPe7UkPL8AKNq7801pYve3LWnXQLOq39Nu+pzAUWRnZcKO3Ao+xouym5VnQnBwO68BnSSvQ044bEyTA==}
    deprecated: 'This package has been deprecated. Use @icp-sdk/core/identity instead. Migration guide: https://js.icp.build/core/latest/upgrading/v5'
    peerDependencies:
      '@dfinity/agent': 3.4.3
      '@dfinity/candid': 3.4.3
      '@dfinity/principal': 3.4.3
      '@noble/curves': ^1.9.2
      '@noble/hashes': ^1.8.0

  '@dfinity/principal@3.4.3':
    resolution: {integrity: sha512-KTWIRqj/0clwsxcXnjgMVpnvxis6ji8vddRbBnYLsPjRFaVXHeBwVN1rziA1w3u7AtlP3kuovB4czd2F5ORxDw==}
    deprecated: 'This package has been deprecated. Use @icp-sdk/core/principal instead. Migration guide: https://js.icp.build/core/latest/upgrading/v5'

  '@emnapi/core@1.11.1':
    resolution: {integrity: sha512-RSvbQmHzdKzNsLYa/wHrbc3KN4sYLKAdPZxqiM2HATqv/SBk2/ENSHpvXGaLOMcsAyz0poEGqkmmKYG3OWiJEQ==}

  '@emnapi/runtime@1.11.1':
    resolution: {integrity: sha512-vgj7R3y3Wgx24IQaGPA/R6YFXLHVMOZ0uVEyIQPaWs+rd1AzfEMXlAC22FYwO1XkKR6NPsq7mUandH8oIRdZFw==}

  '@emnapi/wasi-threads@1.2.2':
    resolution: {integrity: sha512-c95qOXkHdydNKhscBTebqEC1CVAZpyqOfVfBzQ1qgzyl3gfeldUjIggDbIZgDKsHLgnsM+igH7TJ/eAasaVuMA==}

  '@esbuild/aix-ppc64@0.28.1':
    resolution: {integrity: sha512-Svl7tq8k/08+p6CXPpRjQ1fKX+1odH/BQbb48fV6fj3CWHhsoIOoY87w1oHXm0qEpkIK3ZfVgp0hed3XBXzXMQ==}
    engines: {node: '>=18'}
    cpu: [ppc64]
    os: [aix]

  '@esbuild/android-arm64@0.28.1':
    resolution: {integrity: sha512-34EGEbCIAgosYz6goLcopX6Mo7NyGv9tfwEM2/7Ce2VcVRk568iSvniGWcUXIy7wEDR1wzolcxcriFVrWYcwBg==}
    engines: {node: '>=18'}
    cpu: [arm64]
    os: [android]

  '@esbuild/android-arm@0.28.1':
    resolution: {integrity: sha512-0k2F129Xdio1TdJfzJ8sy1Q47vUD2NnwdhiAf7drUN1EBTfPf4hsFCtmMgu/6m8JSzsBrlmVjudMBQqOfG8usQ==}
    engines: {node: '>=18'}
    cpu: [arm]
    os: [android]

  '@esbuild/android-x64@0.28.1':
    resolution: {integrity: sha512-dbwY7ltSMDWsRatcRpCnES4F+im88OCUgGZjy52shC7GqHRE/cYlxNbB4Z4UpJswpcc4Qxd2oE/ufM0p61IKng==}
    engines: {node: '>=18'}
    cpu: [x64]
    os: [android]

  '@esbuild/darwin-arm64@0.28.1':
    resolution: {integrity: sha512-TZbWkQY7kvTAXbXUT7uVACR5cMHsDiSz9z7ZKAX/RTq/WJEk3QyRr0wZpNhBDX+/0CtdqUIJlOiodQcta6tY3Q==}
    engines: {node: '>=18'}
    cpu: [arm64]
    os: [darwin]

  '@esbuild/darwin-x64@0.28.1':
    resolution: {integrity: sha512-zfdzgK9ACBNZLI/CyHTOx81SyNbM6YXn7rxSgX97VjyiPl9W1i4Ka4fgKECEoFCKGpvBj5qArWIGgQjOwkgskQ==}
    engines: {node: '>=18'}
    cpu: [x64]
    os: [darwin]

  '@esbuild/freebsd-arm64@0.28.1':
    resolution: {integrity: sha512-wG2EA8ENdEI0qhkSZMjfqrdY+ziCYCPMmtZjjIwOmXFjmyzEHn+UUxk5of+SYsjtfs3VpnlC7QLzSI5hY/rOAw==}
    engines: {node: '>=18'}
    cpu: [arm64]
    os: [freebsd]

  '@esbuild/freebsd-x64@0.28.1':
    resolution: {integrity: sha512-i7dZ9vQgnvSCzi/rYCXNgtF/U+eKZNJBzu3eTQbRgHnM7tNSizLOkRFAl3qzVc/Op/u5YkHHa4pf/3DOYHthLQ==}
    engines: {node: '>=18'}
    cpu: [x64]
    os: [freebsd]

  '@esbuild/linux-arm64@0.28.1':
    resolution: {integrity: sha512-yHs+0uc8+nvEAfAfxrWQKK5peSNzBc4PegcMO0EJ2hT71uA7vB8Ihg2e77R2P7SG5uYjPbHlLLmve4LLLRCf0g==}
    engines: {node: '>=18'}
    cpu: [arm64]
    os: [linux]

  '@esbuild/linux-arm@0.28.1':
    resolution: {integrity: sha512-qVXBOHQS+d5Y722GwJzJUtOLlX7km3CraOaGormF1pDtPd2C/l1SHRPgjLunLGe51Sh5YYWKMFDyV4SxgMQYTQ==}
    engines: {node: '>=18'}
    cpu: [arm]
    os: [linux]

  '@esbuild/linux-ia32@0.28.1':
    resolution: {integrity: sha512-d1z4ZuP0ajrfz/FhGT4vv278rX8KnPPJx8i5+AtK7TYbx9Le9F1hyzurZpkEyjkGa9dUGhQow4C1NmeGvqxN2w==}
    engines: {node: '>=18'}
    cpu: [ia32]
    os: [linux]

  '@esbuild/linux-loong64@0.28.1':
    resolution: {integrity: sha512-M5sRjUVZrkm1OAPR3dlOYzNmN+loZKGVi1VUQGrwuqLcbR6qeAz+famMhjASeH3YVKvZz+zT1jlh/keC3Rj/lg==}
    engines: {node: '>=18'}
    cpu: [loong64]
    os: [linux]

  '@esbuild/linux-mips64el@0.28.1':
    resolution: {integrity: sha512-mRObBZeHh2OxcBFPWE/FjylkRgZdYuiTR3vaTozquCGOH14iP9oN4x4Ge81CoIDYQrXmIxpFumJBu5MtZpnQJQ==}
    engines: {node: '>=18'}
    cpu: [mips64el]
    os: [linux]

  '@esbuild/linux-ppc64@0.28.1':
    resolution: {integrity: sha512-slScBsMAb3GFDcdrCgLwZtPYRoH2H/youv10QiZyRjmsP48fznoveWytSgCI/R0ZcUgpc0ZhIUEx6LHts8yrfQ==}
    engines: {node: '>=18'}
    cpu: [ppc64]
    os: [linux]

  '@esbuild/linux-riscv64@0.28.1':
    resolution: {integrity: sha512-kw0owk1o0GFETUJyW0jc0G4Yzs0BHZn0JDZ8JRT088vjJYX777BAs1fDGxAC+q831qOs2DTC96mNsG2opdfyyQ==}
    engines: {node: '>=18'}
    cpu: [riscv64]
    os: [linux]

  '@esbuild/linux-s390x@0.28.1':
    resolution: {integrity: sha512-/lAIjX8aYFRByhh6L5rYtPEDRqa9de/4V/juOXcta5frjvzXO4/sqEtyytse0g3zZFuWu5cDN0MkLz2qRDD2Ag==}
    engines: {node: '>=18'}
    cpu: [s390x]
    os: [linux]

  '@esbuild/linux-x64@0.28.1':
    resolution: {integrity: sha512-u/anNYF2mmVOEDwLtnQ1wOr3EZ9sTNGLWrsYGYwHWzGA3Si84IOkHXlbWTD1NB+9/1lcnweYKO54uhxZydNzfA==}
    engines: {node: '>=18'}
    cpu: [x64]
    os: [linux]

  '@esbuild/netbsd-arm64@0.28.1':
    resolution: {integrity: sha512-oks0DYbLwWMmaakTsCb+zL4E+aHRVLom9IJZOAthMQEPiQmydXHkziYEsGYRx0uNV/IjEKGAV941JzH02pflqw==}
    engines: {node: '>=18'}
    cpu: [arm64]
    os: [netbsd]

  '@esbuild/netbsd-x64@0.28.1':
    resolution: {integrity: sha512-aeL6lAnN89Hz43Mlh1G8ARasbuoYvSITDEx0tHh5b7jJnHcssqgjy9Yx430GDpmCa6OyrKoS0aNRjKundRizGg==}
    engines: {node: '>=18'}
    cpu: [x64]
    os: [netbsd]

  '@esbuild/openbsd-arm64@0.28.1':
    resolution: {integrity: sha512-MEFJe5C3R8pwXdZ5Y21oo6m7ePiS0d9pWucn99O/wvyJZChoIQKrQDxKrGeW8F5+T0okTHesAmDeiHDTIq0V/Q==}
    engines: {node: '>=18'}
    cpu: [arm64]
    os: [openbsd]

  '@esbuild/openbsd-x64@0.28.1':
    resolution: {integrity: sha512-i/ZLIOafE0Z8cI/XANJAixoJL/uRAoS2xOA3rb0xN+KK0K177cMAsQYkzHtBrtMXAKuAc7HGgcWiZ/sRC1Nxgw==}
    engines: {node: '>=18'}
    cpu: [x64]
    os: [openbsd]

  '@esbuild/openharmony-arm64@0.28.1':
    resolution: {integrity: sha512-ge+Z7EXFNt2BO1oAMsVpiQ8EwndV9i1xXerAeTIK7AtPs3bKFXQM7nlRxDSIUIMeueR1CNXxqztLzdNeReKBJg==}
    engines: {node: '>=18'}
    cpu: [arm64]
    os: [openharmony]

  '@esbuild/sunos-x64@0.28.1':
    resolution: {integrity: sha512-BEjgtECkL3vY+SaSQ6nzVfiALUeFxpawyp8Jmf5PtYhf1Ug40N1h/hxlhts+f1FvSvarEigdxS3BlSMI2PJLcQ==}
    engines: {node: '>=18'}
    cpu: [x64]
    os: [sunos]

  '@esbuild/win32-arm64@0.28.1':
    resolution: {integrity: sha512-lCv9eK/H6ZJWbE7bh2nw54CZ9M2nupBxJcTsdk/QQnWkdSjKGuxmmH8/GWrlT1eMmZfn4dGcCjRte397WqfQXA==}
    engines: {node: '>=18'}
    cpu: [arm64]
    os: [win32]

  '@esbuild/win32-ia32@0.28.1':
    resolution: {integrity: sha512-zvb/mB2bSCoJOpoCBgYKKpX6YM6mJBlBUVUtVj41DlZJVEB6/0CKlRYxP5wWl1C1ILiCoAU5wZZ4q1P3qeS6Eg==}
    engines: {node: '>=18'}
    cpu: [ia32]
    os: [win32]

  '@esbuild/win32-x64@0.28.1':
    resolution: {integrity: sha512-bm4Mowrv+GXMlpWX++EcXw/iLyd1o3+bJkC2DkWXYVvgZCqD/bSj9ctZeAMC3cIxgjRVR2Dufaiu4YPxr5gW1A==}
    engines: {node: '>=18'}
    cpu: [x64]
    os: [win32]

  '@ic-reactor/candid@3.6.0':
    resolution: {integrity: sha512-4ZljSDYEfmnSWqtOF7ubU/44Dv3vHRuUa2HoHjbuUIt5nuqhzcKgje5HZseLDepo9QvRsPDLUJZpV2xjlM7SHg==}
    peerDependencies:
      '@icp-sdk/core': ^5.4.0
      '@noble/hashes': ^2.0.0
      zod: ^4.3.5

  '@ic-reactor/codegen@0.11.1':
    resolution: {integrity: sha512-VEfRi5xPQj7K9QLPSxy+HLPeeIdkiazIDITLPal7+BpKMnw27vFbsKAa+r+PPOMbEWCA0ft1VgrBwzc0ZuWWGA==}

  '@ic-reactor/core@3.6.0':
    resolution: {integrity: sha512-OuHRvD9uardDPnYd/EOVprBWdX1vrNqcfEPm6PuChDwm4qXWBW985hC7+EdfU5DEP4HTiNMT02Stjphi6qZ3sQ==}
    peerDependencies:
      '@icp-sdk/auth': ^7.0.0
      '@icp-sdk/core': ^5.4.0
      '@tanstack/query-core': ^5.0.0
      zod: ^4.3.5
    peerDependenciesMeta:
      '@icp-sdk/auth':
        optional: true
      '@tanstack/query-core':
        optional: true

  '@ic-reactor/parser@0.4.5':
    resolution: {integrity: sha512-FD99q5fbW6AfIUmI1qd5uGO3wjv7m2BzWe8SCyQwnvm8Eq71FEusNfpl6cgSPP/yNLgJCwz+FnLsomE/OjZlGQ==}
    engines: {node: '>=22.0.0'}

  '@ic-reactor/parser@0.4.6':
    resolution: {integrity: sha512-ZhGJaNh9str/zLflTTfngytru7utNML6wXkGlmcupJk88L+BJXay9ZQ2jnkXJRFvtNKa+0cLoHeMUtDfjDI7IQ==}

  '@ic-reactor/react@3.6.0':
    resolution: {integrity: sha512-Ek5o/HzJCj+byinQvVpgnyHq9bKx1MLnfF3B5SS0gElyqDK4VsANeUu0tzkhJBwhmJWmTAxvFSzvHlPoUxy12A==}
    peerDependencies:
      '@icp-sdk/auth': ^7.0.0
      '@tanstack/react-query': ^5.0.0
      react: '>=18.0.0'
      react-dom: '>=18.0.0'
    peerDependenciesMeta:
      '@icp-sdk/auth':
        optional: true

  '@ic-reactor/vite-plugin@0.11.1':
    resolution: {integrity: sha512-up+zqGdaNeI6MWBKAobitJZMxXMKo8eAfTrQ8CG+SecOcP/aowBkAkoYHS5WFpCcYdUmVZ4LwNeMd0yN3T5Mhw==}
    peerDependencies:
      vite: ^4.2.0 || ^5.0.0 || ^6.0.0 || ^7.0.0 || ^8.0.0

  '@icp-sdk/core@5.4.0':
    resolution: {integrity: sha512-yedhCkHIhCxI65W8id99Mi8fUgSyqKSTbD57AphquNcFV2/3Rjykng0/6H08mHswKydDcv6Y0+e8aPdrznewCw==}

  '@napi-rs/wasm-runtime@1.1.6':
    resolution: {integrity: sha512-ZLv/JdUfkvOy9eCnnBaGfiO+XimbjebAeO+MRQqD/B+FR1tnRN0tpKSJHRbE8sFfS6aqsXZ67TQjfwfsxULVbg==}
    peerDependencies:
      '@emnapi/core': ^1.7.1
      '@emnapi/runtime': ^1.7.1

  '@noble/curves@1.9.7':
    resolution: {integrity: sha512-gbKGcRUYIjA3/zCCNaWDciTMFI0dCkvou3TL8Zmy5Nc7sJ47a0jtOeZoTaMxkuqRo9cRhjOdZJXegxYE5FN/xw==}
    engines: {node: ^14.21.3 || >=16}

  '@noble/hashes@1.8.0':
    resolution: {integrity: sha512-jCs9ldd7NwzpgXDIf6P3+NrHh9/sD6CQdxHyjQI+h/6rDNo88ypBxxz45UDuZHz9r3tNz7N/VInSVoVdtXEI4A==}
    engines: {node: ^14.21.3 || >=16}

  '@oxc-project/types@0.138.0':
    resolution: {integrity: sha512-1a7ZKmrRTCoN1XMZ4L0PyyqrMnrNlLyPuOkdSX2MZg7IiIGRUyurNhAm73ptDOraoBcIordsIGKNPKUzy3ZmfA==}

  '@rolldown/binding-android-arm64@1.1.4':
    resolution: {integrity: sha512-EZLpf/8y7GXkkra90ML47kzik/GMP3EMcE9bPyHmRfxLC6z9+aW5A8poCsoxjrT5GfEcNAAvWwUHjvP1pUQkfw==}
    engines: {node: ^20.19.0 || >=22.12.0}
    cpu: [arm64]
    os: [android]

  '@rolldown/binding-darwin-arm64@1.1.4':
    resolution: {integrity: sha512-aUi+HBvmYb7j8krl1+qJgkG8C17fO79gk3c+jPw4S8glRFc1DTija9S3EyaTSQUm5GJXYKDAsugBEhFHH2vYiQ==}
    engines: {node: ^20.19.0 || >=22.12.0}
    cpu: [arm64]
    os: [darwin]

  '@rolldown/binding-darwin-x64@1.1.4':
    resolution: {integrity: sha512-F7hHC3gwY11+vByKPRWqwGbeXWVgKmL+pTGCinaEhdihzBV2aQ0fvZOch9cXYUOKuKKq429HeYXOqQLc7wFCEg==}
    engines: {node: ^20.19.0 || >=22.12.0}
    cpu: [x64]
    os: [darwin]

  '@rolldown/binding-freebsd-x64@1.1.4':
    resolution: {integrity: sha512-sI5yw+7s92SK6odiEhD5lKCBlWcpjHS5qyqpVQbZAJ0fIzEUXrmbl3DH2ybR3PZogulNJF+COLtmA8hUfvkCCQ==}
    engines: {node: ^20.19.0 || >=22.12.0}
    cpu: [x64]
    os: [freebsd]

  '@rolldown/binding-linux-arm-gnueabihf@1.1.4':
    resolution: {integrity: sha512-mCi0OKgEieFircrtVYmQAFGszRtMnZ6fpZAXrxanXAu7lqZcsK1E1RAaZNG0uKAnxox3B1f4EyQNnoyMfN1vAA==}
    engines: {node: ^20.19.0 || >=22.12.0}
    cpu: [arm]
    os: [linux]

  '@rolldown/binding-linux-arm64-gnu@1.1.4':
    resolution: {integrity: sha512-B9Ial3Kv5sh0SHnB1g/QWcUQCEvCF6QKGAl4zXypYj65mVI+B4AhFBwPtSN7pDrJeIx8Z7zdy4ntx+wQABom7w==}
    engines: {node: ^20.19.0 || >=22.12.0}
    cpu: [arm64]
    os: [linux]
    libc: [glibc]

  '@rolldown/binding-linux-arm64-musl@1.1.4':
    resolution: {integrity: sha512-lZVym0PuHE1KZ22gmFTC15lAkrg9iTszR617oYRB/iPY1A56ywoJzVKOJBKaot5RiikCObmur6pogpse3gRcng==}
    engines: {node: ^20.19.0 || >=22.12.0}
    cpu: [arm64]
    os: [linux]
    libc: [musl]

  '@rolldown/binding-linux-ppc64-gnu@1.1.4':
    resolution: {integrity: sha512-t2DNiLJWNTbnEHyUzTumldML6ET4/g16467LZoDDJ3tSxGvguL5/NyC2lCsNKuyRycg9XeDQF5SSv+TNOhQEXg==}
    engines: {node: ^20.19.0 || >=22.12.0}
    cpu: [ppc64]
    os: [linux]
    libc: [glibc]

  '@rolldown/binding-linux-s390x-gnu@1.1.4':
    resolution: {integrity: sha512-0WIRnL1Uw4BvTZRLQt+PVgo6ZKTJadlC2btP+/EOXv2f/DWbY0rEgl+y834mIVwP1FkTlWVTrGGJXf12lru7EQ==}
    engines: {node: ^20.19.0 || >=22.12.0}
    cpu: [s390x]
    os: [linux]
    libc: [glibc]

  '@rolldown/binding-linux-x64-gnu@1.1.4':
    resolution: {integrity: sha512-JWtGshGfX+oENAKonoNkqEJX+7hC8yfhi9GUyPX1VX4mdh1y5r+ZiJLR5XzAB0aoP6s/PcILsGjKq8O0mm24bw==}
    engines: {node: ^20.19.0 || >=22.12.0}
    cpu: [x64]
    os: [linux]
    libc: [glibc]

  '@rolldown/binding-linux-x64-musl@1.1.4':
    resolution: {integrity: sha512-rT6yQcxUuXs4CnbofqwHRRV0iem349rLMYpTjkgQGLjrY4ado/eDzwPZPTCgTOlF6Nkp8NEv70yLMTn6qkWxsQ==}
    engines: {node: ^20.19.0 || >=22.12.0}
    cpu: [x64]
    os: [linux]
    libc: [musl]

  '@rolldown/binding-openharmony-arm64@1.1.4':
    resolution: {integrity: sha512-KXMGoboq5cyaCQjDA4GLuRiOwBQ0EyFnJoVViLeZ45/3rFItRODEr+NdsBcVpll40hhNArlm/speWGRvj08LzA==}
    engines: {node: ^20.19.0 || >=22.12.0}
    cpu: [arm64]
    os: [openharmony]

  '@rolldown/binding-wasm32-wasi@1.1.4':
    resolution: {integrity: sha512-5K83rb36oJiY7BCyE9zLZtGcPV4g5wvq+xwdO0XPIwDVZI8cyB/AUjkNXGb92/rnmezEkjMOpgY61rtwjQtFwg==}
    engines: {node: ^20.19.0 || >=22.12.0}
    cpu: [wasm32]

  '@rolldown/binding-win32-arm64-msvc@1.1.4':
    resolution: {integrity: sha512-PnWBtw3TV5KOg69HQQDR0mnQuyCmSGR2pAB4DC1rPF808fgKeTUMj2EOEyKATpgiuxuR5APQmiDO7PDgEjTFSA==}
    engines: {node: ^20.19.0 || >=22.12.0}
    cpu: [arm64]
    os: [win32]

  '@rolldown/binding-win32-x64-msvc@1.1.4':
    resolution: {integrity: sha512-M1lpniBePobTfsa7Ks9a199e1akxsXn+GYBUKsEzv3YFzOm1HJAMNwKI3qr0Zq+mxwx9gOZoTdP1yXRYsZUocQ==}
    engines: {node: ^20.19.0 || >=22.12.0}
    cpu: [x64]
    os: [win32]

  '@rolldown/pluginutils@1.0.1':
    resolution: {integrity: sha512-2j9bGt5Jh8hj+vPtgzPtl72j0yRxHAyumoo6TNfAjsLB04UtpSvPbPcDcBMxz7n+9CYB0c1GxQFxYRg2jimqGw==}

  '@scure/base@1.2.6':
    resolution: {integrity: sha512-g/nm5FgUa//MCj1gV09zTJTaM6KBAHqLN907YVQqf7zC49+DcO4B1so4ZX07Ef10Twr6nuqYEH9GEggFXA4Fmg==}

  '@scure/bip32@1.7.0':
    resolution: {integrity: sha512-E4FFX/N3f4B80AKWp5dP6ow+flD1LQZo/w8UnLGYZO674jS6YnYeepycOOksv+vLPSpgN35wgKgy+ybfTb2SMw==}

  '@scure/bip39@1.6.0':
    resolution: {integrity: sha512-+lF0BbLiJNwVlev4eKelw1WWLaiKXw7sSl8T6FvBlWkdX+94aGJ4o8XjUdlyhTCjd8c+B3KT3JfS8P0bLRNU6A==}

  '@tanstack/query-core@5.101.2':
    resolution: {integrity: sha512-hH5MLoJhF7KaIGd7q3xTXGXvslI+GYlM1Z/35aSHHWaCJWB7XvTSHYuV3eM7tw+aE0mT/xMro4M4Q9rCGHT0lw==}

  '@tanstack/react-query@5.101.2':
    resolution: {integrity: sha512-seDkr6kzGzX1okaaTtZPtgA688CDPlXUz1C6xSg0ESqn04Vuc8tlrYms1s3de+znBqhPVxFRfpAfUf+6XvfPWg==}
    peerDependencies:
      react: ^18 || ^19

  '@tybys/wasm-util@0.10.3':
    resolution: {integrity: sha512-F3fo1MYrRJYL3zER0OUOmkutjr1Vp23m7OsSgp7nq4SP6OqX6C/56XFIPAl5bt3zaBRjmW7SGz3u/6LwFpYcOg==}

  '@types/react-dom@19.2.3':
    resolution: {integrity: sha512-jp2L/eY6fn+KgVVQAOqYItbF0VY/YApe5Mz2F0aykSO8gx31bYCZyvSeYxCHKvzHG5eZjc+zyaS5BrBWya2+kQ==}
    peerDependencies:
      '@types/react': ^19.2.0

  '@types/react@19.2.17':
    resolution: {integrity: sha512-MXfmqaVPEVgkBT/aY0aGCkRWWtByiYQXo3xdQ8r5RzuFrPiRn8Gar2tQdXSUQ2GKV3bkXckek89V8wQBY2Q/Aw==}

  asn1js@3.0.10:
    resolution: {integrity: sha512-S2s3aOytiKdFRdulw2qPE51MzjzVOisppcVv7jVFR+Kw0kxwvFrDcYA0h7Ndqbmj0HkMIXYWaoj7fli8kgx1eg==}
    engines: {node: '>=12.0.0'}

  change-case@5.4.4:
    resolution: {integrity: sha512-HRQyTk2/YPEkt9TnUPbOpr64Uw3KOicFWPVBb+xiHvd6eBx/qPr9xqfBFDT8P2vWsvvz4jbEkfDe71W3VyNu2w==}

  csstype@3.2.3:
    resolution: {integrity: sha512-z1HGKcYy2xA8AGQfwrn0PAy+PB7X/GSj3UVJW9qKyn43xWa+gl5nXmU4qqLMRzWVLFC8KusUX8T/0kCiOYpAIQ==}

  detect-libc@2.1.2:
    resolution: {integrity: sha512-Btj2BOOO83o3WyH59e8MgXsxEQVcarkUOpEYrubB0urwnN10yQ364rsiByU11nZlqWYZm05i/of7io4mzihBtQ==}
    engines: {node: '>=8'}

  esbuild@0.28.1:
    resolution: {integrity: sha512-HrJrvZv5ayxBzPfwphOoNzkzOIIlifzk0KJrGK2c8R4+LKpMtpYLQeUdjnwjWv/LZlkH2laZk+4w78pi99D4Vw==}
    engines: {node: '>=18'}
    hasBin: true

  fdir@6.5.0:
    resolution: {integrity: sha512-tIbYtZbucOs0BRGqPJkshJUYdL+SDH7dVM8gjy+ERp3WAUjLEFJE+02kanyHtwjWOnwrKYBiwAmM0p4kLJAnXg==}
    engines: {node: '>=12.0.0'}
    peerDependencies:
      picomatch: ^3 || ^4
    peerDependenciesMeta:
      picomatch:
        optional: true

  fsevents@2.3.3:
    resolution: {integrity: sha512-5xoDfX+fL7faATnagmWPpbFtwh/R77WmMMqqHGS65C3vvB0YHrgF+B1YmZ3441tMj5n63k0212XNoJwzlhffQw==}
    engines: {node: ^8.16.0 || ^10.6.0 || >=11.0.0}
    os: [darwin]

  idb@7.1.1:
    resolution: {integrity: sha512-gchesWBzyvGHRO9W8tzUWFDycow5gwjvFKfyV9FF32Y7F50yZMp7mP+T2mJIWFx49zicqyC4uefHM17o6xKIVQ==}

  lightningcss-android-arm64@1.32.0:
    resolution: {integrity: sha512-YK7/ClTt4kAK0vo6w3X+Pnm0D2cf2vPHbhOXdoNti1Ga0al1P4TBZhwjATvjNwLEBCnKvjJc2jQgHXH0NEwlAg==}
    engines: {node: '>= 12.0.0'}
    cpu: [arm64]
    os: [android]

  lightningcss-darwin-arm64@1.32.0:
    resolution: {integrity: sha512-RzeG9Ju5bag2Bv1/lwlVJvBE3q6TtXskdZLLCyfg5pt+HLz9BqlICO7LZM7VHNTTn/5PRhHFBSjk5lc4cmscPQ==}
    engines: {node: '>= 12.0.0'}
    cpu: [arm64]
    os: [darwin]

  lightningcss-darwin-x64@1.32.0:
    resolution: {integrity: sha512-U+QsBp2m/s2wqpUYT/6wnlagdZbtZdndSmut/NJqlCcMLTWp5muCrID+K5UJ6jqD2BFshejCYXniPDbNh73V8w==}
    engines: {node: '>= 12.0.0'}
    cpu: [x64]
    os: [darwin]

  lightningcss-freebsd-x64@1.32.0:
    resolution: {integrity: sha512-JCTigedEksZk3tHTTthnMdVfGf61Fky8Ji2E4YjUTEQX14xiy/lTzXnu1vwiZe3bYe0q+SpsSH/CTeDXK6WHig==}
    engines: {node: '>= 12.0.0'}
    cpu: [x64]
    os: [freebsd]

  lightningcss-linux-arm-gnueabihf@1.32.0:
    resolution: {integrity: sha512-x6rnnpRa2GL0zQOkt6rts3YDPzduLpWvwAF6EMhXFVZXD4tPrBkEFqzGowzCsIWsPjqSK+tyNEODUBXeeVHSkw==}
    engines: {node: '>= 12.0.0'}
    cpu: [arm]
    os: [linux]

  lightningcss-linux-arm64-gnu@1.32.0:
    resolution: {integrity: sha512-0nnMyoyOLRJXfbMOilaSRcLH3Jw5z9HDNGfT/gwCPgaDjnx0i8w7vBzFLFR1f6CMLKF8gVbebmkUN3fa/kQJpQ==}
    engines: {node: '>= 12.0.0'}
    cpu: [arm64]
    os: [linux]
    libc: [glibc]

  lightningcss-linux-arm64-musl@1.32.0:
    resolution: {integrity: sha512-UpQkoenr4UJEzgVIYpI80lDFvRmPVg6oqboNHfoH4CQIfNA+HOrZ7Mo7KZP02dC6LjghPQJeBsvXhJod/wnIBg==}
    engines: {node: '>= 12.0.0'}
    cpu: [arm64]
    os: [linux]
    libc: [musl]

  lightningcss-linux-x64-gnu@1.32.0:
    resolution: {integrity: sha512-V7Qr52IhZmdKPVr+Vtw8o+WLsQJYCTd8loIfpDaMRWGUZfBOYEJeyJIkqGIDMZPwPx24pUMfwSxxI8phr/MbOA==}
    engines: {node: '>= 12.0.0'}
    cpu: [x64]
    os: [linux]
    libc: [glibc]

  lightningcss-linux-x64-musl@1.32.0:
    resolution: {integrity: sha512-bYcLp+Vb0awsiXg/80uCRezCYHNg1/l3mt0gzHnWV9XP1W5sKa5/TCdGWaR/zBM2PeF/HbsQv/j2URNOiVuxWg==}
    engines: {node: '>= 12.0.0'}
    cpu: [x64]
    os: [linux]
    libc: [musl]

  lightningcss-win32-arm64-msvc@1.32.0:
    resolution: {integrity: sha512-8SbC8BR40pS6baCM8sbtYDSwEVQd4JlFTOlaD3gWGHfThTcABnNDBda6eTZeqbofalIJhFx0qKzgHJmcPTnGdw==}
    engines: {node: '>= 12.0.0'}
    cpu: [arm64]
    os: [win32]

  lightningcss-win32-x64-msvc@1.32.0:
    resolution: {integrity: sha512-Amq9B/SoZYdDi1kFrojnoqPLxYhQ4Wo5XiL8EVJrVsB8ARoC1PWW6VGtT0WKCemjy8aC+louJnjS7U18x3b06Q==}
    engines: {node: '>= 12.0.0'}
    cpu: [x64]
    os: [win32]

  lightningcss@1.32.0:
    resolution: {integrity: sha512-NXYBzinNrblfraPGyrbPoD19C1h9lfI/1mzgWYvXUTe414Gz/X1FD2XBZSZM7rRTrMA8JL3OtAaGifrIKhQ5yQ==}
    engines: {node: '>= 12.0.0'}

  nanoid@3.3.15:
    resolution: {integrity: sha512-y7Wygv/7mEOvxTuEQDB8StXdMRBWf1kR/tlhAzBRUFkB2jfcLOAxO/SHmOO2zgz1pVgK29/kyupn059/bCHdjA==}
    engines: {node: ^10 || ^12 || ^13.7 || ^14 || >=15.0.1}
    hasBin: true

  picocolors@1.1.1:
    resolution: {integrity: sha512-xceH2snhtb5M9liqDsmEw56le376mTZkEX/jEb/RxNFyegNul7eNslCXP9FDj/Lcu0X8KEyMceP2ntpaHrDEVA==}

  picomatch@4.0.5:
    resolution: {integrity: sha512-RvwwcruNjI1ncT5xRakeyS9Lf8lcItv34KD+aif+VH9kduAyfYBipGh12274xtenIPZ119/R9BdTBa8gAwSh0A==}
    engines: {node: '>=12'}

  postcss@8.5.16:
    resolution: {integrity: sha512-vuwillviilfKZsg0VGj5R/YwwcHx4SLsIOI/7K6mQkWx+l5cUHTjj5g0AasTBcyXsbfTgrwsUNmVUb5xVwyPwg==}
    engines: {node: ^10 || ^12 || >=14}

  pvtsutils@1.3.6:
    resolution: {integrity: sha512-PLgQXQ6H2FWCaeRak8vvk1GW462lMxB5s3Jm673N82zI4vqtVUPuZdffdZbPDFRoU8kAhItWFtPCWiPpp4/EDg==}

  pvutils@1.1.5:
    resolution: {integrity: sha512-KTqnxsgGiQ6ZAzZCVlJH5eOjSnvlyEgx1m8bkRJfOhmGRqfo5KLvmAlACQkrjEtOQ4B7wF9TdSLIs9O90MX9xA==}
    engines: {node: '>=16.0.0'}

  react-dom@19.2.7:
    resolution: {integrity: sha512-t0BRVXvbiE/o20Hfw669rLbMCDWtYZLvmJigy2f0MxsXF+71pxhR3xOkspmsO8h3ZlNzyibAmtCa3l4lYKk6gQ==}
    peerDependencies:
      react: ^19.2.7

  react@19.2.7:
    resolution: {integrity: sha512-HNe9WslTbXmFK8o8cmwgAeJFSBvt1bPdHCVKtaaV+WlAN36mpT4hcRpwbf3fY56ar2oIXzsBpOAiIRHAdY0OlQ==}
    engines: {node: '>=0.10.0'}

  rolldown@1.1.4:
    resolution: {integrity: sha512-IjZYiLxZwpnhwhdBH2ugdTGVSdhCQUmLxLoqyjiL0JxYjyRst+5a0P3xfrTxJ5F638j4Mvvw5FAX5XE6eHpXbA==}
    engines: {node: ^20.19.0 || >=22.12.0}
    hasBin: true

  scheduler@0.27.0:
    resolution: {integrity: sha512-eNv+WrVbKu1f3vbYJT/xtiF5syA5HPIMtf9IgY/nKg0sWqzAUEvqY/xm7OcZc/qafLx/iO9FgOmeSAp4v5ti/Q==}

  source-map-js@1.2.1:
    resolution: {integrity: sha512-UXWMKhLOwVKb728IUtQPXxfYU+usdybtUrK/8uGE8CQMvrhOpwvzDBwj0QhSL7MQc7vIsISBG8VQ8+IDQxpfQA==}
    engines: {node: '>=0.10.0'}

  tinyglobby@0.2.17:
    resolution: {integrity: sha512-wXR/dYpcqKmfWpEdZjiKJOwCNFndD0DMnrW/cYjVGttEkBfVgcLFHoNrlj47mjOVic9yyNu65alsgF4NQyTa2g==}
    engines: {node: '>=12.0.0'}

  tslib@2.8.1:
    resolution: {integrity: sha512-oJFu94HQb+KVduSUQL7wnpmqnfmLsOA/nAh6b6EH0wCEoK0/mPeXU6c3wKDV83MkOuHPRHtSXKKU99IBazS/2w==}

  typescript@6.0.3:
    resolution: {integrity: sha512-y2TvuxSZPDyQakkFRPZHKFm+KKVqIisdg9/CZwm9ftvKXLP8NRWj38/ODjNbr43SsoXqNuAisEf1GdCxqWcdBw==}
    engines: {node: '>=14.17'}
    hasBin: true

  vite@8.1.3:
    resolution: {integrity: sha512-Ds+gBRbj0lwRO2Y5hwnUBdxSwlAve9LeRyU4sNnAr0ewW0gWF0n5bgXgUzbgZ49MV9BVUAQUFYVcDUcilUExMA==}
    engines: {node: ^20.19.0 || >=22.12.0}
    hasBin: true
    peerDependencies:
      '@types/node': ^20.19.0 || >=22.12.0
      '@vitejs/devtools': ^0.3.0
      esbuild: ^0.27.0 || ^0.28.0
      jiti: '>=1.21.0'
      less: ^4.0.0
      sass: ^1.70.0
      sass-embedded: ^1.70.0
      stylus: '>=0.54.8'
      sugarss: ^5.0.0
      terser: ^5.16.0
      tsx: ^4.8.1
      yaml: ^2.4.2
    peerDependenciesMeta:
      '@types/node':
        optional: true
      '@vitejs/devtools':
        optional: true
      esbuild:
        optional: true
      jiti:
        optional: true
      less:
        optional: true
      sass:
        optional: true
      sass-embedded:
        optional: true
      stylus:
        optional: true
      sugarss:
        optional: true
      terser:
        optional: true
      tsx:
        optional: true
      yaml:
        optional: true

  zod@4.4.3:
    resolution: {integrity: sha512-ytENFjIJFl2UwYglde2jchW2Hwm4GJFLDiSXWdTrJQBIN9Fcyp7n4DhxJEiWNAJMV1/BqWfW/kkg71UDcHJyTQ==}

snapshots:

  '@dfinity/agent@3.4.3(@dfinity/candid@3.4.3(@dfinity/principal@3.4.3))(@dfinity/principal@3.4.3)':
    dependencies:
      '@dfinity/candid': 3.4.3(@dfinity/principal@3.4.3)
      '@dfinity/cbor': 0.2.3
      '@dfinity/principal': 3.4.3
      '@noble/curves': 1.9.7

  '@dfinity/auth-client@3.4.3(@dfinity/agent@3.4.3(@dfinity/candid@3.4.3(@dfinity/principal@3.4.3))(@dfinity/principal@3.4.3))(@dfinity/identity@3.4.3(@dfinity/agent@3.4.3(@dfinity/candid@3.4.3(@dfinity/principal@3.4.3))(@dfinity/principal@3.4.3))(@dfinity/candid@3.4.3(@dfinity/principal@3.4.3))(@dfinity/principal@3.4.3)(@noble/curves@1.9.7))(@dfinity/principal@3.4.3)':
    dependencies:
      '@dfinity/agent': 3.4.3(@dfinity/candid@3.4.3(@dfinity/principal@3.4.3))(@dfinity/principal@3.4.3)
      '@dfinity/identity': 3.4.3(@dfinity/agent@3.4.3(@dfinity/candid@3.4.3(@dfinity/principal@3.4.3))(@dfinity/principal@3.4.3))(@dfinity/candid@3.4.3(@dfinity/principal@3.4.3))(@dfinity/principal@3.4.3)(@noble/curves@1.9.7)
      '@dfinity/principal': 3.4.3
      idb: 7.1.1

  '@dfinity/candid@3.4.3(@dfinity/principal@3.4.3)':
    dependencies:
      '@dfinity/principal': 3.4.3

  '@dfinity/cbor@0.2.3': {}

  '@dfinity/identity@3.4.3(@dfinity/agent@3.4.3(@dfinity/candid@3.4.3(@dfinity/principal@3.4.3))(@dfinity/principal@3.4.3))(@dfinity/candid@3.4.3(@dfinity/principal@3.4.3))(@dfinity/principal@3.4.3)(@noble/curves@1.9.7)':
    dependencies:
      '@dfinity/agent': 3.4.3(@dfinity/candid@3.4.3(@dfinity/principal@3.4.3))(@dfinity/principal@3.4.3)
      '@dfinity/candid': 3.4.3(@dfinity/principal@3.4.3)
      '@dfinity/principal': 3.4.3
      '@noble/curves': 1.9.7

  '@dfinity/principal@3.4.3':
    dependencies:
      '@noble/hashes': 1.8.0

  '@emnapi/core@1.11.1':
    dependencies:
      '@emnapi/wasi-threads': 1.2.2
      tslib: 2.8.1
    optional: true

  '@emnapi/runtime@1.11.1':
    dependencies:
      tslib: 2.8.1
    optional: true

  '@emnapi/wasi-threads@1.2.2':
    dependencies:
      tslib: 2.8.1
    optional: true

  '@esbuild/aix-ppc64@0.28.1':
    optional: true

  '@esbuild/android-arm64@0.28.1':
    optional: true

  '@esbuild/android-arm@0.28.1':
    optional: true

  '@esbuild/android-x64@0.28.1':
    optional: true

  '@esbuild/darwin-arm64@0.28.1':
    optional: true

  '@esbuild/darwin-x64@0.28.1':
    optional: true

  '@esbuild/freebsd-arm64@0.28.1':
    optional: true

  '@esbuild/freebsd-x64@0.28.1':
    optional: true

  '@esbuild/linux-arm64@0.28.1':
    optional: true

  '@esbuild/linux-arm@0.28.1':
    optional: true

  '@esbuild/linux-ia32@0.28.1':
    optional: true

  '@esbuild/linux-loong64@0.28.1':
    optional: true

  '@esbuild/linux-mips64el@0.28.1':
    optional: true

  '@esbuild/linux-ppc64@0.28.1':
    optional: true

  '@esbuild/linux-riscv64@0.28.1':
    optional: true

  '@esbuild/linux-s390x@0.28.1':
    optional: true

  '@esbuild/linux-x64@0.28.1':
    optional: true

  '@esbuild/netbsd-arm64@0.28.1':
    optional: true

  '@esbuild/netbsd-x64@0.28.1':
    optional: true

  '@esbuild/openbsd-arm64@0.28.1':
    optional: true

  '@esbuild/openbsd-x64@0.28.1':
    optional: true

  '@esbuild/openharmony-arm64@0.28.1':
    optional: true

  '@esbuild/sunos-x64@0.28.1':
    optional: true

  '@esbuild/win32-arm64@0.28.1':
    optional: true

  '@esbuild/win32-ia32@0.28.1':
    optional: true

  '@esbuild/win32-x64@0.28.1':
    optional: true

  '@ic-reactor/candid@3.6.0(@icp-sdk/core@5.4.0)(@tanstack/query-core@5.101.2)(zod@4.4.3)':
    dependencies:
      '@ic-reactor/core': 3.6.0(@icp-sdk/core@5.4.0)(@tanstack/query-core@5.101.2)(zod@4.4.3)
      '@icp-sdk/core': 5.4.0
      zod: 4.4.3
    transitivePeerDependencies:
      - '@icp-sdk/auth'
      - '@tanstack/query-core'

  '@ic-reactor/codegen@0.11.1':
    dependencies:
      '@ic-reactor/parser': 0.4.6
      change-case: 5.4.4

  '@ic-reactor/core@3.6.0(@icp-sdk/core@5.4.0)(@tanstack/query-core@5.101.2)(zod@4.4.3)':
    dependencies:
      '@icp-sdk/core': 5.4.0
      zod: 4.4.3
    optionalDependencies:
      '@tanstack/query-core': 5.101.2

  '@ic-reactor/parser@0.4.5(@noble/curves@1.9.7)':
    dependencies:
      '@dfinity/agent': 3.4.3(@dfinity/candid@3.4.3(@dfinity/principal@3.4.3))(@dfinity/principal@3.4.3)
      '@dfinity/auth-client': 3.4.3(@dfinity/agent@3.4.3(@dfinity/candid@3.4.3(@dfinity/principal@3.4.3))(@dfinity/principal@3.4.3))(@dfinity/identity@3.4.3(@dfinity/agent@3.4.3(@dfinity/candid@3.4.3(@dfinity/principal@3.4.3))(@dfinity/principal@3.4.3))(@dfinity/candid@3.4.3(@dfinity/principal@3.4.3))(@dfinity/principal@3.4.3)(@noble/curves@1.9.7))(@dfinity/principal@3.4.3)
      '@dfinity/candid': 3.4.3(@dfinity/principal@3.4.3)
      '@dfinity/identity': 3.4.3(@dfinity/agent@3.4.3(@dfinity/candid@3.4.3(@dfinity/principal@3.4.3))(@dfinity/principal@3.4.3))(@dfinity/candid@3.4.3(@dfinity/principal@3.4.3))(@dfinity/principal@3.4.3)(@noble/curves@1.9.7)
      '@dfinity/principal': 3.4.3
    transitivePeerDependencies:
      - '@noble/curves'
      - '@noble/hashes'

  '@ic-reactor/parser@0.4.6': {}

  '@ic-reactor/react@3.6.0(@icp-sdk/core@5.4.0)(@tanstack/query-core@5.101.2)(@tanstack/react-query@5.101.2(react@19.2.7))(react-dom@19.2.7(react@19.2.7))(react@19.2.7)(zod@4.4.3)':
    dependencies:
      '@ic-reactor/core': 3.6.0(@icp-sdk/core@5.4.0)(@tanstack/query-core@5.101.2)(zod@4.4.3)
      '@tanstack/react-query': 5.101.2(react@19.2.7)
      react: 19.2.7
      react-dom: 19.2.7(react@19.2.7)
    transitivePeerDependencies:
      - '@icp-sdk/core'
      - '@tanstack/query-core'
      - zod

  '@ic-reactor/vite-plugin@0.11.1(vite@8.1.3(esbuild@0.28.1))':
    dependencies:
      '@ic-reactor/codegen': 0.11.1
      vite: 8.1.3(esbuild@0.28.1)

  '@icp-sdk/core@5.4.0':
    dependencies:
      '@dfinity/cbor': 0.2.3
      '@noble/curves': 1.9.7
      '@noble/hashes': 1.8.0
      '@scure/bip32': 1.7.0
      '@scure/bip39': 1.6.0
      asn1js: 3.0.10

  '@napi-rs/wasm-runtime@1.1.6(@emnapi/core@1.11.1)(@emnapi/runtime@1.11.1)':
    dependencies:
      '@emnapi/core': 1.11.1
      '@emnapi/runtime': 1.11.1
      '@tybys/wasm-util': 0.10.3
    optional: true

  '@noble/curves@1.9.7':
    dependencies:
      '@noble/hashes': 1.8.0

  '@noble/hashes@1.8.0': {}

  '@oxc-project/types@0.138.0': {}

  '@rolldown/binding-android-arm64@1.1.4':
    optional: true

  '@rolldown/binding-darwin-arm64@1.1.4':
    optional: true

  '@rolldown/binding-darwin-x64@1.1.4':
    optional: true

  '@rolldown/binding-freebsd-x64@1.1.4':
    optional: true

  '@rolldown/binding-linux-arm-gnueabihf@1.1.4':
    optional: true

  '@rolldown/binding-linux-arm64-gnu@1.1.4':
    optional: true

  '@rolldown/binding-linux-arm64-musl@1.1.4':
    optional: true

  '@rolldown/binding-linux-ppc64-gnu@1.1.4':
    optional: true

  '@rolldown/binding-linux-s390x-gnu@1.1.4':
    optional: true

  '@rolldown/binding-linux-x64-gnu@1.1.4':
    optional: true

  '@rolldown/binding-linux-x64-musl@1.1.4':
    optional: true

  '@rolldown/binding-openharmony-arm64@1.1.4':
    optional: true

  '@rolldown/binding-wasm32-wasi@1.1.4':
    dependencies:
      '@emnapi/core': 1.11.1
      '@emnapi/runtime': 1.11.1
      '@napi-rs/wasm-runtime': 1.1.6(@emnapi/core@1.11.1)(@emnapi/runtime@1.11.1)
    optional: true

  '@rolldown/binding-win32-arm64-msvc@1.1.4':
    optional: true

  '@rolldown/binding-win32-x64-msvc@1.1.4':
    optional: true

  '@rolldown/pluginutils@1.0.1': {}

  '@scure/base@1.2.6': {}

  '@scure/bip32@1.7.0':
    dependencies:
      '@noble/curves': 1.9.7
      '@noble/hashes': 1.8.0
      '@scure/base': 1.2.6

  '@scure/bip39@1.6.0':
    dependencies:
      '@noble/hashes': 1.8.0
      '@scure/base': 1.2.6

  '@tanstack/query-core@5.101.2': {}

  '@tanstack/react-query@5.101.2(react@19.2.7)':
    dependencies:
      '@tanstack/query-core': 5.101.2
      react: 19.2.7

  '@tybys/wasm-util@0.10.3':
    dependencies:
      tslib: 2.8.1
    optional: true

  '@types/react-dom@19.2.3(@types/react@19.2.17)':
    dependencies:
      '@types/react': 19.2.17

  '@types/react@19.2.17':
    dependencies:
      csstype: 3.2.3

  asn1js@3.0.10:
    dependencies:
      pvtsutils: 1.3.6
      pvutils: 1.1.5
      tslib: 2.8.1

  change-case@5.4.4: {}

  csstype@3.2.3: {}

  detect-libc@2.1.2: {}

  esbuild@0.28.1:
    optionalDependencies:
      '@esbuild/aix-ppc64': 0.28.1
      '@esbuild/android-arm': 0.28.1
      '@esbuild/android-arm64': 0.28.1
      '@esbuild/android-x64': 0.28.1
      '@esbuild/darwin-arm64': 0.28.1
      '@esbuild/darwin-x64': 0.28.1
      '@esbuild/freebsd-arm64': 0.28.1
      '@esbuild/freebsd-x64': 0.28.1
      '@esbuild/linux-arm': 0.28.1
      '@esbuild/linux-arm64': 0.28.1
      '@esbuild/linux-ia32': 0.28.1
      '@esbuild/linux-loong64': 0.28.1
      '@esbuild/linux-mips64el': 0.28.1
      '@esbuild/linux-ppc64': 0.28.1
      '@esbuild/linux-riscv64': 0.28.1
      '@esbuild/linux-s390x': 0.28.1
      '@esbuild/linux-x64': 0.28.1
      '@esbuild/netbsd-arm64': 0.28.1
      '@esbuild/netbsd-x64': 0.28.1
      '@esbuild/openbsd-arm64': 0.28.1
      '@esbuild/openbsd-x64': 0.28.1
      '@esbuild/openharmony-arm64': 0.28.1
      '@esbuild/sunos-x64': 0.28.1
      '@esbuild/win32-arm64': 0.28.1
      '@esbuild/win32-ia32': 0.28.1
      '@esbuild/win32-x64': 0.28.1
    optional: true

  fdir@6.5.0(picomatch@4.0.5):
    optionalDependencies:
      picomatch: 4.0.5

  fsevents@2.3.3:
    optional: true

  idb@7.1.1: {}

  lightningcss-android-arm64@1.32.0:
    optional: true

  lightningcss-darwin-arm64@1.32.0:
    optional: true

  lightningcss-darwin-x64@1.32.0:
    optional: true

  lightningcss-freebsd-x64@1.32.0:
    optional: true

  lightningcss-linux-arm-gnueabihf@1.32.0:
    optional: true

  lightningcss-linux-arm64-gnu@1.32.0:
    optional: true

  lightningcss-linux-arm64-musl@1.32.0:
    optional: true

  lightningcss-linux-x64-gnu@1.32.0:
    optional: true

  lightningcss-linux-x64-musl@1.32.0:
    optional: true

  lightningcss-win32-arm64-msvc@1.32.0:
    optional: true

  lightningcss-win32-x64-msvc@1.32.0:
    optional: true

  lightningcss@1.32.0:
    dependencies:
      detect-libc: 2.1.2
    optionalDependencies:
      lightningcss-android-arm64: 1.32.0
      lightningcss-darwin-arm64: 1.32.0
      lightningcss-darwin-x64: 1.32.0
      lightningcss-freebsd-x64: 1.32.0
      lightningcss-linux-arm-gnueabihf: 1.32.0
      lightningcss-linux-arm64-gnu: 1.32.0
      lightningcss-linux-arm64-musl: 1.32.0
      lightningcss-linux-x64-gnu: 1.32.0
      lightningcss-linux-x64-musl: 1.32.0
      lightningcss-win32-arm64-msvc: 1.32.0
      lightningcss-win32-x64-msvc: 1.32.0

  nanoid@3.3.15: {}

  picocolors@1.1.1: {}

  picomatch@4.0.5: {}

  postcss@8.5.16:
    dependencies:
      nanoid: 3.3.15
      picocolors: 1.1.1
      source-map-js: 1.2.1

  pvtsutils@1.3.6:
    dependencies:
      tslib: 2.8.1

  pvutils@1.1.5: {}

  react-dom@19.2.7(react@19.2.7):
    dependencies:
      react: 19.2.7
      scheduler: 0.27.0

  react@19.2.7: {}

  rolldown@1.1.4:
    dependencies:
      '@oxc-project/types': 0.138.0
      '@rolldown/pluginutils': 1.0.1
    optionalDependencies:
      '@rolldown/binding-android-arm64': 1.1.4
      '@rolldown/binding-darwin-arm64': 1.1.4
      '@rolldown/binding-darwin-x64': 1.1.4
      '@rolldown/binding-freebsd-x64': 1.1.4
      '@rolldown/binding-linux-arm-gnueabihf': 1.1.4
      '@rolldown/binding-linux-arm64-gnu': 1.1.4
      '@rolldown/binding-linux-arm64-musl': 1.1.4
      '@rolldown/binding-linux-ppc64-gnu': 1.1.4
      '@rolldown/binding-linux-s390x-gnu': 1.1.4
      '@rolldown/binding-linux-x64-gnu': 1.1.4
      '@rolldown/binding-linux-x64-musl': 1.1.4
      '@rolldown/binding-openharmony-arm64': 1.1.4
      '@rolldown/binding-wasm32-wasi': 1.1.4
      '@rolldown/binding-win32-arm64-msvc': 1.1.4
      '@rolldown/binding-win32-x64-msvc': 1.1.4

  scheduler@0.27.0: {}

  source-map-js@1.2.1: {}

  tinyglobby@0.2.17:
    dependencies:
      fdir: 6.5.0(picomatch@4.0.5)
      picomatch: 4.0.5

  tslib@2.8.1: {}

  typescript@6.0.3: {}

  vite@8.1.3(esbuild@0.28.1):
    dependencies:
      lightningcss: 1.32.0
      picomatch: 4.0.5
      postcss: 8.5.16
      rolldown: 1.1.4
      tinyglobby: 0.2.17
    optionalDependencies:
      esbuild: 0.28.1
      fsevents: 2.3.3

  zod@4.4.3: {}
