{
  "name": "ic-rust-nextjs",
  "version": "1.0.1",
  "lockfileVersion": 3,
  "requires": true,
  "packages": {
    "": {
      "name": "ic-rust-nextjs",
      "version": "1.0.1",
      "dependencies": {
        "@ic-reactor/core": "^3.0.3-beta.2",
        "@ic-reactor/react": "^3.0.3-beta.2",
        "@icp-sdk/auth": "^5.0.0",
        "@icp-sdk/core": "^5.0.0",
        "@tailwindcss/postcss": "^4.1.18",
        "@tanstack/react-query": "^5.90.16",
        "next": "^16.1.1",
        "postcss": "^8.5.6",
        "react": "^19.2.3",
        "react-dom": "^19.2.3",
        "tailwindcss": "^4.1.18"
      },
      "devDependencies": {
        "@dfinity/agent": "^3.4.3",
        "@dfinity/candid": "^3.4.3",
        "@dfinity/principal": "^3.4.3",
        "@tanstack/react-query-devtools": "^5.91.2",
        "@types/node": "20.9.4",
        "@types/react": "19.2.7",
        "@types/react-dom": "19.2.3",
        "dotenv": "16.3.1",
        "typescript": "5.9.3"
      }
    },
    "../../node_modules/.pnpm/@icp-sdk+auth@5.0.0_@icp-sdk+core@5.0.0/node_modules/@icp-sdk/auth": {
      "version": "5.0.0",
      "dev": true,
      "license": "Apache-2.0",
      "dependencies": {
        "idb": "^7.1.1"
      },
      "devDependencies": {
        "@biomejs/biome": "^2.3.7",
        "@icp-sdk/core": "^5.0.0",
        "@tanstack/config": "^0.22.1",
        "fake-indexeddb": "^6.2.5",
        "jsdom": "^27.2.0",
        "publint": "^0.3.15",
        "typescript": "^5.9.3",
        "vite": "^7.2.4",
        "vitest": "4.0.14"
      },
      "peerDependencies": {
        "@icp-sdk/core": "^5"
      }
    },
    "../../node_modules/.pnpm/@icp-sdk+core@5.0.0/node_modules/@icp-sdk/core": {
      "version": "5.0.0",
      "dev": true,
      "license": "Apache-2.0",
      "dependencies": {
        "@dfinity/cbor": "^0.2.2",
        "@noble/curves": "^1.9.2",
        "@noble/hashes": "^1.8.0",
        "@scure/bip32": "^1.7.0",
        "@scure/bip39": "^1.6.0",
        "asn1js": "^3.0.5"
      },
      "devDependencies": {
        "@peculiar/webcrypto": "^1.5.0",
        "tsc-alias": "^1.8.16"
      }
    },
    "../../node_modules/.pnpm/@noble+curves@2.0.1/node_modules/@noble/curves": {
      "version": "2.0.1",
      "license": "MIT",
      "dependencies": {
        "@noble/hashes": "2.0.1"
      },
      "devDependencies": {
        "@paulmillr/jsbt": "0.4.4",
        "@types/node": "24.2.1",
        "fast-check": "4.2.0",
        "prettier": "3.6.2",
        "typescript": "5.9.2"
      },
      "engines": {
        "node": ">= 20.19.0"
      },
      "funding": {
        "url": "https://paulmillr.com/funding/"
      }
    },
    "../../node_modules/.pnpm/@size-limit+preset-small-lib@12.0.0_size-limit@12.0.0/node_modules/@size-limit/preset-small-lib": {
      "version": "12.0.0",
      "dev": true,
      "license": "MIT",
      "dependencies": {
        "@size-limit/esbuild": "12.0.0",
        "@size-limit/file": "12.0.0",
        "size-limit": "12.0.0"
      },
      "peerDependencies": {
        "size-limit": "12.0.0"
      }
    },
    "../../node_modules/.pnpm/@tanstack+query-core@5.90.16/node_modules/@tanstack/query-core": {
      "version": "5.90.16",
      "dev": true,
      "license": "MIT",
      "devDependencies": {
        "@tanstack/query-test-utils": "0.0.0",
        "npm-run-all2": "^5.0.0"
      },
      "funding": {
        "type": "github",
        "url": "https://github.com/sponsors/tannerlinsley"
      }
    },
    "../../node_modules/.pnpm/@tanstack+react-query@5.90.16_react@19.2.3/node_modules/@tanstack/react-query": {
      "version": "5.90.16",
      "dev": true,
      "license": "MIT",
      "dependencies": {
        "@tanstack/query-core": "5.90.16"
      },
      "devDependencies": {
        "@tanstack/query-persist-client-core": "5.91.15",
        "@tanstack/query-test-utils": "0.0.0",
        "@testing-library/react": "^16.1.0",
        "@testing-library/react-render-stream": "^2.0.0",
        "@types/react": "^19.2.7",
        "@types/react-dom": "^19.2.3",
        "@vitejs/plugin-react": "^4.3.4",
        "cpy-cli": "^5.0.0",
        "npm-run-all2": "^5.0.0",
        "react": "^19.2.1",
        "react-dom": "^19.2.1",
        "react-error-boundary": "^4.1.2"
      },
      "funding": {
        "type": "github",
        "url": "https://github.com/sponsors/tannerlinsley"
      },
      "peerDependencies": {
        "react": "^18 || ^19"
      }
    },
    "../../node_modules/.pnpm/@testing-library+dom@10.4.1/node_modules/@testing-library/dom": {
      "version": "10.4.1",
      "dev": true,
      "license": "MIT",
      "dependencies": {
        "@babel/code-frame": "^7.10.4",
        "@babel/runtime": "^7.12.5",
        "@types/aria-query": "^5.0.1",
        "aria-query": "5.3.0",
        "dom-accessibility-api": "^0.5.9",
        "lz-string": "^1.5.0",
        "picocolors": "1.1.1",
        "pretty-format": "^27.0.2"
      },
      "devDependencies": {
        "@testing-library/jest-dom": "^5.11.6",
        "browserslist": "4.21.8",
        "caniuse-lite": "1.0.30001502",
        "jest-in-case": "^1.0.2",
        "jest-snapshot-serializer-ansi": "^1.0.0",
        "jest-watch-select-projects": "^2.0.0",
        "jsdom": "20.0.0",
        "kcd-scripts": "^13.0.0",
        "typescript": "^4.1.2"
      },
      "engines": {
        "node": ">=18"
      }
    },
    "../../node_modules/.pnpm/@testing-library+jest-dom@6.9.1/node_modules/@testing-library/jest-dom": {
      "version": "6.9.1",
      "dev": true,
      "license": "MIT",
      "dependencies": {
        "@adobe/css-tools": "^4.4.0",
        "aria-query": "^5.0.0",
        "css.escape": "^1.5.1",
        "dom-accessibility-api": "^0.6.3",
        "picocolors": "^1.1.1",
        "redent": "^3.0.0"
      },
      "devDependencies": {
        "@jest/globals": "^29.6.2",
        "@rollup/plugin-commonjs": "^25.0.4",
        "@types/bun": "latest",
        "@types/web": "latest",
        "expect": "^29.6.2",
        "jest-environment-jsdom-sixteen": "^1.0.3",
        "jest-watch-select-projects": "^2.0.0",
        "jsdom": "^16.2.1",
        "kcd-scripts": "^14.0.0",
        "pretty-format": "^25.1.0",
        "rollup": "^3.28.1",
        "rollup-plugin-delete": "^2.0.0",
        "typescript": "^5.1.6",
        "vitest": "^0.34.1"
      },
      "engines": {
        "node": ">=14",
        "npm": ">=6",
        "yarn": ">=1"
      }
    },
    "../../node_modules/.pnpm/@testing-library+react@16.3.1_@testing-library+dom@10.4.1_@types+react-dom@19.2.3_@types+reac_h5o4dgc6swuq35u27675bn67lu/node_modules/@testing-library/react": {
      "version": "16.3.1",
      "dev": true,
      "license": "MIT",
      "dependencies": {
        "@babel/runtime": "^7.12.5"
      },
      "devDependencies": {
        "@testing-library/dom": "^10.0.0",
        "@testing-library/jest-dom": "^5.11.6",
        "@types/react": "^19.0.0",
        "@types/react-dom": "^19.0.0",
        "chalk": "^4.1.2",
        "dotenv-cli": "^4.0.0",
        "jest-diff": "^29.7.0",
        "kcd-scripts": "^13.0.0",
        "npm-run-all2": "^6.2.6",
        "react": "^19.0.0",
        "react-dom": "^19.0.0",
        "rimraf": "^3.0.2",
        "typescript": "^5.9.3"
      },
      "engines": {
        "node": ">=18"
      },
      "peerDependencies": {
        "@testing-library/dom": "^10.0.0",
        "@types/react": "^18.0.0 || ^19.0.0",
        "@types/react-dom": "^18.0.0 || ^19.0.0",
        "react": "^18.0.0 || ^19.0.0",
        "react-dom": "^18.0.0 || ^19.0.0"
      },
      "peerDependenciesMeta": {
        "@types/react": {
          "optional": true
        },
        "@types/react-dom": {
          "optional": true
        }
      }
    },
    "../../node_modules/.pnpm/@types+node@24.10.7/node_modules/@types/node": {
      "version": "24.10.7",
      "dev": true,
      "license": "MIT",
      "dependencies": {
        "undici-types": "~7.16.0"
      }
    },
    "../../node_modules/.pnpm/@types+react-dom@19.2.3_@types+react@19.2.8/node_modules/@types/react-dom": {
      "version": "19.2.3",
      "dev": true,
      "license": "MIT",
      "peerDependencies": {
        "@types/react": "^19.2.0"
      }
    },
    "../../node_modules/.pnpm/@types+react@19.2.8/node_modules/@types/react": {
      "version": "19.2.8",
      "dev": true,
      "license": "MIT",
      "dependencies": {
        "csstype": "^3.2.2"
      }
    },
    "../../node_modules/.pnpm/fake-indexeddb@6.2.5/node_modules/fake-indexeddb": {
      "version": "6.2.5",
      "dev": true,
      "license": "Apache-2.0",
      "devDependencies": {
        "@babel/cli": "^7.27.2",
        "@babel/core": "^7.27.4",
        "@babel/plugin-transform-modules-commonjs": "^7.27.1",
        "@babel/preset-env": "^7.27.2",
        "@babel/preset-typescript": "^7.27.1",
        "@types/mocha": "^10.0.10",
        "@types/node": "^24.0.0",
        "@typescript-eslint/eslint-plugin": "^7.18.0",
        "@typescript-eslint/parser": "^7.18.0",
        "babel-plugin-add-module-exports": "^1.0.4",
        "babelify": "^10.0.0",
        "browserify": "^17.0.1",
        "core-js": "^3.43.0",
        "dexie": "^4.0.11",
        "eslint": "^8.57.1",
        "eslint-config-prettier": "^9.1.0",
        "eslint-plugin-import": "^2.32.0",
        "glob": "^11.0.2",
        "husky": "^9.1.7",
        "jest": "^30.0.0",
        "lint-staged": "^16.1.0",
        "mocha": "^11.6.0",
        "node-qunit-phantomjs": "^2.1.1",
        "prettier": "^3.5.3",
        "qunitjs": "^1.23.1",
        "smol-toml": "^1.4.1",
        "typescript": "^5.8.3"
      },
      "engines": {
        "node": ">=18"
      }
    },
    "../../node_modules/.pnpm/jsdom@27.4.0/node_modules/jsdom": {
      "version": "27.4.0",
      "dev": true,
      "license": "MIT",
      "dependencies": {
        "@acemir/cssom": "^0.9.28",
        "@asamuzakjp/dom-selector": "^6.7.6",
        "@exodus/bytes": "^1.6.0",
        "cssstyle": "^5.3.4",
        "data-urls": "^6.0.0",
        "decimal.js": "^10.6.0",
        "html-encoding-sniffer": "^6.0.0",
        "http-proxy-agent": "^7.0.2",
        "https-proxy-agent": "^7.0.6",
        "is-potential-custom-element-name": "^1.0.1",
        "parse5": "^8.0.0",
        "saxes": "^6.0.0",
        "symbol-tree": "^3.2.4",
        "tough-cookie": "^6.0.0",
        "w3c-xmlserializer": "^5.0.0",
        "webidl-conversions": "^8.0.0",
        "whatwg-mimetype": "^4.0.0",
        "whatwg-url": "^15.1.0",
        "ws": "^8.18.3",
        "xml-name-validator": "^5.0.0"
      },
      "devDependencies": {
        "@domenic/eslint-config": "^4.0.1",
        "benchmark": "^2.1.4",
        "eslint": "^9.39.1",
        "eslint-plugin-html": "^8.1.3",
        "globals": "^16.5.0",
        "js-yaml": "^4.1.1",
        "minimatch": "^10.1.1",
        "mocha": "^11.7.5",
        "mocha-sugar-free": "^1.4.0",
        "npm-run-all2": "^8.0.4",
        "pngjs": "^7.0.0",
        "server-destroy": "^1.0.1",
        "webidl2js": "^19.1.0",
        "yargs": "^18.0.0"
      },
      "engines": {
        "node": "^20.19.0 || ^22.12.0 || >=24.0.0"
      },
      "peerDependencies": {
        "canvas": "^3.0.0"
      },
      "peerDependenciesMeta": {
        "canvas": {
          "optional": true
        }
      }
    },
    "../../node_modules/.pnpm/react-dom@19.2.3_react@19.2.3/node_modules/react-dom": {
      "version": "19.2.3",
      "dev": true,
      "license": "MIT",
      "dependencies": {
        "scheduler": "^0.27.0"
      },
      "peerDependencies": {
        "react": "^19.2.3"
      }
    },
    "../../node_modules/.pnpm/react@19.2.3/node_modules/react": {
      "version": "19.2.3",
      "dev": true,
      "license": "MIT",
      "engines": {
        "node": ">=0.10.0"
      }
    },
    "../../node_modules/.pnpm/size-limit@12.0.0/node_modules/size-limit": {
      "version": "12.0.0",
      "dev": true,
      "license": "MIT",
      "dependencies": {
        "bytes-iec": "^3.1.1",
        "lilconfig": "^3.1.3",
        "nanospinner": "^1.2.2",
        "picocolors": "^1.1.1",
        "tinyglobby": "^0.2.15"
      },
      "bin": {
        "size-limit": "bin.js"
      },
      "devDependencies": {
        "@size-limit/esbuild": "workspace:*",
        "@size-limit/file": "workspace:*",
        "@size-limit/webpack": "workspace:*"
      },
      "engines": {
        "node": "^20.0.0 || ^22.0.0 || >=24.0.0"
      },
      "peerDependencies": {
        "jiti": "^2.0.0"
      },
      "peerDependenciesMeta": {
        "jiti": {
          "optional": true
        }
      }
    },
    "../../node_modules/.pnpm/vitest@4.0.16_@types+node@24.10.7_happy-dom@20.1.0_jsdom@27.4.0_yaml@2.8.2/node_modules/vitest": {
      "version": "4.0.16",
      "dev": true,
      "license": "MIT",
      "dependencies": {
        "@vitest/expect": "4.0.16",
        "@vitest/mocker": "4.0.16",
        "@vitest/pretty-format": "4.0.16",
        "@vitest/runner": "4.0.16",
        "@vitest/snapshot": "4.0.16",
        "@vitest/spy": "4.0.16",
        "@vitest/utils": "4.0.16",
        "es-module-lexer": "^1.7.0",
        "expect-type": "^1.2.2",
        "magic-string": "^0.30.21",
        "obug": "^2.1.1",
        "pathe": "^2.0.3",
        "picomatch": "^4.0.3",
        "std-env": "^3.10.0",
        "tinybench": "^2.9.0",
        "tinyexec": "^1.0.2",
        "tinyglobby": "^0.2.15",
        "tinyrainbow": "^3.0.3",
        "vite": "^6.0.0 || ^7.0.0",
        "why-is-node-running": "^2.3.0"
      },
      "bin": {
        "vitest": "vitest.mjs"
      },
      "devDependencies": {
        "@antfu/install-pkg": "^1.1.0",
        "@edge-runtime/vm": "^5.0.0",
        "@jridgewell/trace-mapping": "0.3.31",
        "@opentelemetry/api": "^1.9.0",
        "@sinonjs/fake-timers": "14.0.0",
        "@types/estree": "^1.0.8",
        "@types/istanbul-lib-coverage": "^2.0.6",
        "@types/istanbul-reports": "^3.0.4",
        "@types/jsdom": "^27.0.0",
        "@types/node": "^24.10.1",
        "@types/picomatch": "^4.0.2",
        "@types/prompts": "^2.4.9",
        "@types/sinonjs__fake-timers": "^8.1.5",
        "acorn-walk": "^8.3.4",
        "birpc": "^4.0.0",
        "cac": "^6.7.14",
        "empathic": "^2.0.0",
        "flatted": "^3.3.3",
        "happy-dom": "^20.0.11",
        "jsdom": "^27.2.0",
        "local-pkg": "^1.1.2",
        "mime": "^4.1.0",
        "prompts": "^2.4.2",
        "strip-literal": "^3.1.0",
        "ws": "^8.18.3"
      },
      "engines": {
        "node": "^20.0.0 || ^22.0.0 || >=24.0.0"
      },
      "funding": {
        "url": "https://opencollective.com/vitest"
      },
      "peerDependencies": {
        "@edge-runtime/vm": "*",
        "@opentelemetry/api": "^1.9.0",
        "@types/node": "^20.0.0 || ^22.0.0 || >=24.0.0",
        "@vitest/browser-playwright": "4.0.16",
        "@vitest/browser-preview": "4.0.16",
        "@vitest/browser-webdriverio": "4.0.16",
        "@vitest/ui": "4.0.16",
        "happy-dom": "*",
        "jsdom": "*"
      },
      "peerDependenciesMeta": {
        "@edge-runtime/vm": {
          "optional": true
        },
        "@opentelemetry/api": {
          "optional": true
        },
        "@types/node": {
          "optional": true
        },
        "@vitest/browser-playwright": {
          "optional": true
        },
        "@vitest/browser-preview": {
          "optional": true
        },
        "@vitest/browser-webdriverio": {
          "optional": true
        },
        "@vitest/ui": {
          "optional": true
        },
        "happy-dom": {
          "optional": true
        },
        "jsdom": {
          "optional": true
        }
      }
    },
    "../../node_modules/.pnpm/vitest@4.0.16_@types+node@25.0.6_happy-dom@20.1.0_jsdom@27.4.0_yaml@2.8.2/node_modules/vitest": {
      "version": "4.0.16",
      "dev": true,
      "license": "MIT",
      "dependencies": {
        "@vitest/expect": "4.0.16",
        "@vitest/mocker": "4.0.16",
        "@vitest/pretty-format": "4.0.16",
        "@vitest/runner": "4.0.16",
        "@vitest/snapshot": "4.0.16",
        "@vitest/spy": "4.0.16",
        "@vitest/utils": "4.0.16",
        "es-module-lexer": "^1.7.0",
        "expect-type": "^1.2.2",
        "magic-string": "^0.30.21",
        "obug": "^2.1.1",
        "pathe": "^2.0.3",
        "picomatch": "^4.0.3",
        "std-env": "^3.10.0",
        "tinybench": "^2.9.0",
        "tinyexec": "^1.0.2",
        "tinyglobby": "^0.2.15",
        "tinyrainbow": "^3.0.3",
        "vite": "^6.0.0 || ^7.0.0",
        "why-is-node-running": "^2.3.0"
      },
      "bin": {
        "vitest": "vitest.mjs"
      },
      "devDependencies": {
        "@antfu/install-pkg": "^1.1.0",
        "@edge-runtime/vm": "^5.0.0",
        "@jridgewell/trace-mapping": "0.3.31",
        "@opentelemetry/api": "^1.9.0",
        "@sinonjs/fake-timers": "14.0.0",
        "@types/estree": "^1.0.8",
        "@types/istanbul-lib-coverage": "^2.0.6",
        "@types/istanbul-reports": "^3.0.4",
        "@types/jsdom": "^27.0.0",
        "@types/node": "^24.10.1",
        "@types/picomatch": "^4.0.2",
        "@types/prompts": "^2.4.9",
        "@types/sinonjs__fake-timers": "^8.1.5",
        "acorn-walk": "^8.3.4",
        "birpc": "^4.0.0",
        "cac": "^6.7.14",
        "empathic": "^2.0.0",
        "flatted": "^3.3.3",
        "happy-dom": "^20.0.11",
        "jsdom": "^27.2.0",
        "local-pkg": "^1.1.2",
        "mime": "^4.1.0",
        "prompts": "^2.4.2",
        "strip-literal": "^3.1.0",
        "ws": "^8.18.3"
      },
      "engines": {
        "node": "^20.0.0 || ^22.0.0 || >=24.0.0"
      },
      "funding": {
        "url": "https://opencollective.com/vitest"
      },
      "peerDependencies": {
        "@edge-runtime/vm": "*",
        "@opentelemetry/api": "^1.9.0",
        "@types/node": "^20.0.0 || ^22.0.0 || >=24.0.0",
        "@vitest/browser-playwright": "4.0.16",
        "@vitest/browser-preview": "4.0.16",
        "@vitest/browser-webdriverio": "4.0.16",
        "@vitest/ui": "4.0.16",
        "happy-dom": "*",
        "jsdom": "*"
      },
      "peerDependenciesMeta": {
        "@edge-runtime/vm": {
          "optional": true
        },
        "@opentelemetry/api": {
          "optional": true
        },
        "@types/node": {
          "optional": true
        },
        "@vitest/browser-playwright": {
          "optional": true
        },
        "@vitest/browser-preview": {
          "optional": true
        },
        "@vitest/browser-webdriverio": {
          "optional": true
        },
        "@vitest/ui": {
          "optional": true
        },
        "happy-dom": {
          "optional": true
        },
        "jsdom": {
          "optional": true
        }
      }
    },
    "../../node_modules/.pnpm/zod@4.3.5/node_modules/zod": {
      "version": "4.3.5",
      "license": "MIT",
      "funding": {
        "url": "https://github.com/sponsors/colinhacks"
      }
    },
    "../../packages/core": {
      "name": "@ic-reactor/core",
      "version": "3.0.3-beta.2",
      "license": "MIT",
      "dependencies": {
        "@noble/curves": "^2.0.1",
        "zod": "^4.3.5"
      },
      "devDependencies": {
        "@icp-sdk/auth": "^5.0.0",
        "@icp-sdk/core": "^5.0.0",
        "@size-limit/preset-small-lib": "^12.0.0",
        "@tanstack/query-core": "^5.90",
        "@tanstack/react-query": "^5.90",
        "@types/node": "^24.10.1",
        "fake-indexeddb": "^6.2.5",
        "size-limit": "^12.0.0",
        "vitest": "^4.0.16"
      },
      "peerDependencies": {
        "@icp-sdk/auth": "^5.0.0",
        "@icp-sdk/core": "^5.0.0",
        "@tanstack/query-core": "^5.0.0"
      },
      "peerDependenciesMeta": {
        "@icp-sdk/auth": {
          "optional": true
        },
        "@tanstack/query-core": {
          "optional": true
        }
      }
    },
    "../../packages/core/node_modules/@icp-sdk/auth": {
      "resolved": "../../node_modules/.pnpm/@icp-sdk+auth@5.0.0_@icp-sdk+core@5.0.0/node_modules/@icp-sdk/auth",
      "link": true
    },
    "../../packages/core/node_modules/@icp-sdk/core": {
      "resolved": "../../node_modules/.pnpm/@icp-sdk+core@5.0.0/node_modules/@icp-sdk/core",
      "link": true
    },
    "../../packages/core/node_modules/@noble/curves": {
      "resolved": "../../node_modules/.pnpm/@noble+curves@2.0.1/node_modules/@noble/curves",
      "link": true
    },
    "../../packages/core/node_modules/@size-limit/preset-small-lib": {
      "resolved": "../../node_modules/.pnpm/@size-limit+preset-small-lib@12.0.0_size-limit@12.0.0/node_modules/@size-limit/preset-small-lib",
      "link": true
    },
    "../../packages/core/node_modules/@tanstack/query-core": {
      "resolved": "../../node_modules/.pnpm/@tanstack+query-core@5.90.16/node_modules/@tanstack/query-core",
      "link": true
    },
    "../../packages/core/node_modules/@tanstack/react-query": {
      "resolved": "../../node_modules/.pnpm/@tanstack+react-query@5.90.16_react@19.2.3/node_modules/@tanstack/react-query",
      "link": true
    },
    "../../packages/core/node_modules/@types/node": {
      "resolved": "../../node_modules/.pnpm/@types+node@24.10.7/node_modules/@types/node",
      "link": true
    },
    "../../packages/core/node_modules/fake-indexeddb": {
      "resolved": "../../node_modules/.pnpm/fake-indexeddb@6.2.5/node_modules/fake-indexeddb",
      "link": true
    },
    "../../packages/core/node_modules/size-limit": {
      "resolved": "../../node_modules/.pnpm/size-limit@12.0.0/node_modules/size-limit",
      "link": true
    },
    "../../packages/core/node_modules/vitest": {
      "resolved": "../../node_modules/.pnpm/vitest@4.0.16_@types+node@24.10.7_happy-dom@20.1.0_jsdom@27.4.0_yaml@2.8.2/node_modules/vitest",
      "link": true
    },
    "../../packages/core/node_modules/zod": {
      "resolved": "../../node_modules/.pnpm/zod@4.3.5/node_modules/zod",
      "link": true
    },
    "../../packages/react": {
      "name": "@ic-reactor/react",
      "version": "3.0.3-beta.2",
      "license": "MIT",
      "dependencies": {
        "@ic-reactor/core": "workspace:^"
      },
      "devDependencies": {
        "@icp-sdk/auth": "^5.0.0",
        "@icp-sdk/core": "^5.0.0",
        "@size-limit/preset-small-lib": "^12.0.0",
        "@tanstack/react-query": "^5.90",
        "@testing-library/dom": "^10.4.1",
        "@testing-library/jest-dom": "^6.9.1",
        "@testing-library/react": "^16.3.1",
        "@types/react": "^19.2.7",
        "@types/react-dom": "^19.2.3",
        "fake-indexeddb": "^6.2.5",
        "jsdom": "^27.4.0",
        "react": "^19.2.3",
        "react-dom": "^19.2.3",
        "size-limit": "^12.0.0",
        "vitest": "^4.0.16"
      },
      "peerDependencies": {
        "@tanstack/react-query": "^5.0.0",
        "react": ">=18.0.0",
        "react-dom": ">=18.0.0"
      }
    },
    "../../packages/react/node_modules/@ic-reactor/core": {
      "resolved": "../../packages/core",
      "link": true
    },
    "../../packages/react/node_modules/@icp-sdk/auth": {
      "resolved": "../../node_modules/.pnpm/@icp-sdk+auth@5.0.0_@icp-sdk+core@5.0.0/node_modules/@icp-sdk/auth",
      "link": true
    },
    "../../packages/react/node_modules/@icp-sdk/core": {
      "resolved": "../../node_modules/.pnpm/@icp-sdk+core@5.0.0/node_modules/@icp-sdk/core",
      "link": true
    },
    "../../packages/react/node_modules/@size-limit/preset-small-lib": {
      "resolved": "../../node_modules/.pnpm/@size-limit+preset-small-lib@12.0.0_size-limit@12.0.0/node_modules/@size-limit/preset-small-lib",
      "link": true
    },
    "../../packages/react/node_modules/@tanstack/react-query": {
      "resolved": "../../node_modules/.pnpm/@tanstack+react-query@5.90.16_react@19.2.3/node_modules/@tanstack/react-query",
      "link": true
    },
    "../../packages/react/node_modules/@testing-library/dom": {
      "resolved": "../../node_modules/.pnpm/@testing-library+dom@10.4.1/node_modules/@testing-library/dom",
      "link": true
    },
    "../../packages/react/node_modules/@testing-library/jest-dom": {
      "resolved": "../../node_modules/.pnpm/@testing-library+jest-dom@6.9.1/node_modules/@testing-library/jest-dom",
      "link": true
    },
    "../../packages/react/node_modules/@testing-library/react": {
      "resolved": "../../node_modules/.pnpm/@testing-library+react@16.3.1_@testing-library+dom@10.4.1_@types+react-dom@19.2.3_@types+reac_h5o4dgc6swuq35u27675bn67lu/node_modules/@testing-library/react",
      "link": true
    },
    "../../packages/react/node_modules/@types/react": {
      "resolved": "../../node_modules/.pnpm/@types+react@19.2.8/node_modules/@types/react",
      "link": true
    },
    "../../packages/react/node_modules/@types/react-dom": {
      "resolved": "../../node_modules/.pnpm/@types+react-dom@19.2.3_@types+react@19.2.8/node_modules/@types/react-dom",
      "link": true
    },
    "../../packages/react/node_modules/fake-indexeddb": {
      "resolved": "../../node_modules/.pnpm/fake-indexeddb@6.2.5/node_modules/fake-indexeddb",
      "link": true
    },
    "../../packages/react/node_modules/jsdom": {
      "resolved": "../../node_modules/.pnpm/jsdom@27.4.0/node_modules/jsdom",
      "link": true
    },
    "../../packages/react/node_modules/react": {
      "resolved": "../../node_modules/.pnpm/react@19.2.3/node_modules/react",
      "link": true
    },
    "../../packages/react/node_modules/react-dom": {
      "resolved": "../../node_modules/.pnpm/react-dom@19.2.3_react@19.2.3/node_modules/react-dom",
      "link": true
    },
    "../../packages/react/node_modules/size-limit": {
      "resolved": "../../node_modules/.pnpm/size-limit@12.0.0/node_modules/size-limit",
      "link": true
    },
    "../../packages/react/node_modules/vitest": {
      "resolved": "../../node_modules/.pnpm/vitest@4.0.16_@types+node@25.0.6_happy-dom@20.1.0_jsdom@27.4.0_yaml@2.8.2/node_modules/vitest",
      "link": true
    },
    "node_modules/@alloc/quick-lru": {
      "version": "5.2.0",
      "license": "MIT",
      "engines": {
        "node": ">=10"
      },
      "funding": {
        "url": "https://github.com/sponsors/sindresorhus"
      }
    },
    "node_modules/@dfinity/agent": {
      "version": "3.4.3",
      "dev": true,
      "license": "Apache-2.0",
      "dependencies": {
        "@dfinity/cbor": "^0.2.2",
        "@noble/curves": "^1.9.2"
      },
      "peerDependencies": {
        "@dfinity/candid": "3.4.3",
        "@dfinity/principal": "3.4.3",
        "@noble/hashes": "^1.8.0"
      }
    },
    "node_modules/@dfinity/agent/node_modules/@noble/curves": {
      "version": "1.9.7",
      "dev": true,
      "license": "MIT",
      "dependencies": {
        "@noble/hashes": "1.8.0"
      },
      "engines": {
        "node": "^14.21.3 || >=16"
      },
      "funding": {
        "url": "https://paulmillr.com/funding/"
      }
    },
    "node_modules/@dfinity/candid": {
      "version": "3.4.3",
      "dev": true,
      "license": "Apache-2.0",
      "peerDependencies": {
        "@dfinity/principal": "3.4.3"
      }
    },
    "node_modules/@dfinity/cbor": {
      "version": "0.2.2",
      "license": "Apache-2.0"
    },
    "node_modules/@dfinity/principal": {
      "version": "3.4.3",
      "dev": true,
      "license": "Apache-2.0",
      "dependencies": {
        "@noble/hashes": "^1.8.0"
      }
    },
    "node_modules/@ic-reactor/core": {
      "resolved": "../../packages/core",
      "link": true
    },
    "node_modules/@ic-reactor/react": {
      "resolved": "../../packages/react",
      "link": true
    },
    "node_modules/@icp-sdk/auth": {
      "version": "5.0.0",
      "license": "Apache-2.0",
      "dependencies": {
        "idb": "^7.1.1"
      },
      "peerDependencies": {
        "@icp-sdk/core": "^5"
      }
    },
    "node_modules/@icp-sdk/core": {
      "version": "5.0.0",
      "license": "Apache-2.0",
      "dependencies": {
        "@dfinity/cbor": "^0.2.2",
        "@noble/curves": "^1.9.2",
        "@noble/hashes": "^1.8.0",
        "@scure/bip32": "^1.7.0",
        "@scure/bip39": "^1.6.0",
        "asn1js": "^3.0.5"
      }
    },
    "node_modules/@icp-sdk/core/node_modules/@noble/curves": {
      "version": "1.9.7",
      "license": "MIT",
      "dependencies": {
        "@noble/hashes": "1.8.0"
      },
      "engines": {
        "node": "^14.21.3 || >=16"
      },
      "funding": {
        "url": "https://paulmillr.com/funding/"
      }
    },
    "node_modules/@img/colour": {
      "version": "1.0.0",
      "license": "MIT",
      "optional": true,
      "engines": {
        "node": ">=18"
      }
    },
    "node_modules/@img/sharp-darwin-arm64": {
      "version": "0.34.5",
      "cpu": [
        "arm64"
      ],
      "license": "Apache-2.0",
      "optional": true,
      "os": [
        "darwin"
      ],
      "engines": {
        "node": "^18.17.0 || ^20.3.0 || >=21.0.0"
      },
      "funding": {
        "url": "https://opencollective.com/libvips"
      },
      "optionalDependencies": {
        "@img/sharp-libvips-darwin-arm64": "1.2.4"
      }
    },
    "node_modules/@img/sharp-libvips-darwin-arm64": {
      "version": "1.2.4",
      "cpu": [
        "arm64"
      ],
      "license": "LGPL-3.0-or-later",
      "optional": true,
      "os": [
        "darwin"
      ],
      "funding": {
        "url": "https://opencollective.com/libvips"
      }
    },
    "node_modules/@jridgewell/gen-mapping": {
      "version": "0.3.13",
      "license": "MIT",
      "dependencies": {
        "@jridgewell/sourcemap-codec": "^1.5.0",
        "@jridgewell/trace-mapping": "^0.3.24"
      }
    },
    "node_modules/@jridgewell/remapping": {
      "version": "2.3.5",
      "license": "MIT",
      "dependencies": {
        "@jridgewell/gen-mapping": "^0.3.5",
        "@jridgewell/trace-mapping": "^0.3.24"
      }
    },
    "node_modules/@jridgewell/resolve-uri": {
      "version": "3.1.2",
      "license": "MIT",
      "engines": {
        "node": ">=6.0.0"
      }
    },
    "node_modules/@jridgewell/sourcemap-codec": {
      "version": "1.5.5",
      "license": "MIT"
    },
    "node_modules/@jridgewell/trace-mapping": {
      "version": "0.3.31",
      "license": "MIT",
      "dependencies": {
        "@jridgewell/resolve-uri": "^3.1.0",
        "@jridgewell/sourcemap-codec": "^1.4.14"
      }
    },
    "node_modules/@next/env": {
      "version": "16.1.1",
      "license": "MIT"
    },
    "node_modules/@next/swc-darwin-arm64": {
      "version": "16.1.1",
      "cpu": [
        "arm64"
      ],
      "license": "MIT",
      "optional": true,
      "os": [
        "darwin"
      ],
      "engines": {
        "node": ">= 10"
      }
    },
    "node_modules/@next/swc-darwin-x64": {
      "version": "16.1.1",
      "resolved": "https://registry.npmjs.org/@next/swc-darwin-x64/-/swc-darwin-x64-16.1.1.tgz",
      "integrity": "sha512-hbyKtrDGUkgkyQi1m1IyD3q4I/3m9ngr+V93z4oKHrPcmxwNL5iMWORvLSGAf2YujL+6HxgVvZuCYZfLfb4bGw==",
      "cpu": [
        "x64"
      ],
      "optional": true,
      "os": [
        "darwin"
      ],
      "engines": {
        "node": ">= 10"
      }
    },
    "node_modules/@next/swc-linux-arm64-gnu": {
      "version": "16.1.1",
      "resolved": "https://registry.npmjs.org/@next/swc-linux-arm64-gnu/-/swc-linux-arm64-gnu-16.1.1.tgz",
      "integrity": "sha512-/fvHet+EYckFvRLQ0jPHJCUI5/B56+2DpI1xDSvi80r/3Ez+Eaa2Yq4tJcRTaB1kqj/HrYKn8Yplm9bNoMJpwQ==",
      "cpu": [
        "arm64"
      ],
      "optional": true,
      "os": [
        "linux"
      ],
      "engines": {
        "node": ">= 10"
      }
    },
    "node_modules/@next/swc-linux-arm64-musl": {
      "version": "16.1.1",
      "resolved": "https://registry.npmjs.org/@next/swc-linux-arm64-musl/-/swc-linux-arm64-musl-16.1.1.tgz",
      "integrity": "sha512-MFHrgL4TXNQbBPzkKKur4Fb5ICEJa87HM7fczFs2+HWblM7mMLdco3dvyTI+QmLBU9xgns/EeeINSZD6Ar+oLg==",
      "cpu": [
        "arm64"
      ],
      "optional": true,
      "os": [
        "linux"
      ],
      "engines": {
        "node": ">= 10"
      }
    },
    "node_modules/@next/swc-linux-x64-gnu": {
      "version": "16.1.1",
      "resolved": "https://registry.npmjs.org/@next/swc-linux-x64-gnu/-/swc-linux-x64-gnu-16.1.1.tgz",
      "integrity": "sha512-20bYDfgOQAPUkkKBnyP9PTuHiJGM7HzNBbuqmD0jiFVZ0aOldz+VnJhbxzjcSabYsnNjMPsE0cyzEudpYxsrUQ==",
      "cpu": [
        "x64"
      ],
      "optional": true,
      "os": [
        "linux"
      ],
      "engines": {
        "node": ">= 10"
      }
    },
    "node_modules/@next/swc-linux-x64-musl": {
      "version": "16.1.1",
      "resolved": "https://registry.npmjs.org/@next/swc-linux-x64-musl/-/swc-linux-x64-musl-16.1.1.tgz",
      "integrity": "sha512-9pRbK3M4asAHQRkwaXwu601oPZHghuSC8IXNENgbBSyImHv/zY4K5udBusgdHkvJ/Tcr96jJwQYOll0qU8+fPA==",
      "cpu": [
        "x64"
      ],
      "optional": true,
      "os": [
        "linux"
      ],
      "engines": {
        "node": ">= 10"
      }
    },
    "node_modules/@next/swc-win32-arm64-msvc": {
      "version": "16.1.1",
      "resolved": "https://registry.npmjs.org/@next/swc-win32-arm64-msvc/-/swc-win32-arm64-msvc-16.1.1.tgz",
      "integrity": "sha512-bdfQkggaLgnmYrFkSQfsHfOhk/mCYmjnrbRCGgkMcoOBZ4n+TRRSLmT/CU5SATzlBJ9TpioUyBW/vWFXTqQRiA==",
      "cpu": [
        "arm64"
      ],
      "optional": true,
      "os": [
        "win32"
      ],
      "engines": {
        "node": ">= 10"
      }
    },
    "node_modules/@next/swc-win32-x64-msvc": {
      "version": "16.1.1",
      "resolved": "https://registry.npmjs.org/@next/swc-win32-x64-msvc/-/swc-win32-x64-msvc-16.1.1.tgz",
      "integrity": "sha512-Ncwbw2WJ57Al5OX0k4chM68DKhEPlrXBaSXDCi2kPi5f4d8b3ejr3RRJGfKBLrn2YJL5ezNS7w2TZLHSti8CMw==",
      "cpu": [
        "x64"
      ],
      "optional": true,
      "os": [
        "win32"
      ],
      "engines": {
        "node": ">= 10"
      }
    },
    "node_modules/@noble/hashes": {
      "version": "1.8.0",
      "license": "MIT",
      "engines": {
        "node": "^14.21.3 || >=16"
      },
      "funding": {
        "url": "https://paulmillr.com/funding/"
      }
    },
    "node_modules/@scure/base": {
      "version": "1.2.6",
      "license": "MIT",
      "funding": {
        "url": "https://paulmillr.com/funding/"
      }
    },
    "node_modules/@scure/bip32": {
      "version": "1.7.0",
      "license": "MIT",
      "dependencies": {
        "@noble/curves": "~1.9.0",
        "@noble/hashes": "~1.8.0",
        "@scure/base": "~1.2.5"
      },
      "funding": {
        "url": "https://paulmillr.com/funding/"
      }
    },
    "node_modules/@scure/bip32/node_modules/@noble/curves": {
      "version": "1.9.7",
      "license": "MIT",
      "dependencies": {
        "@noble/hashes": "1.8.0"
      },
      "engines": {
        "node": "^14.21.3 || >=16"
      },
      "funding": {
        "url": "https://paulmillr.com/funding/"
      }
    },
    "node_modules/@scure/bip39": {
      "version": "1.6.0",
      "license": "MIT",
      "dependencies": {
        "@noble/hashes": "~1.8.0",
        "@scure/base": "~1.2.5"
      },
      "funding": {
        "url": "https://paulmillr.com/funding/"
      }
    },
    "node_modules/@swc/helpers": {
      "version": "0.5.15",
      "license": "Apache-2.0",
      "dependencies": {
        "tslib": "^2.8.0"
      }
    },
    "node_modules/@tailwindcss/node": {
      "version": "4.1.18",
      "license": "MIT",
      "dependencies": {
        "@jridgewell/remapping": "^2.3.4",
        "enhanced-resolve": "^5.18.3",
        "jiti": "^2.6.1",
        "lightningcss": "1.30.2",
        "magic-string": "^0.30.21",
        "source-map-js": "^1.2.1",
        "tailwindcss": "4.1.18"
      }
    },
    "node_modules/@tailwindcss/oxide": {
      "version": "4.1.18",
      "license": "MIT",
      "engines": {
        "node": ">= 10"
      },
      "optionalDependencies": {
        "@tailwindcss/oxide-android-arm64": "4.1.18",
        "@tailwindcss/oxide-darwin-arm64": "4.1.18",
        "@tailwindcss/oxide-darwin-x64": "4.1.18",
        "@tailwindcss/oxide-freebsd-x64": "4.1.18",
        "@tailwindcss/oxide-linux-arm-gnueabihf": "4.1.18",
        "@tailwindcss/oxide-linux-arm64-gnu": "4.1.18",
        "@tailwindcss/oxide-linux-arm64-musl": "4.1.18",
        "@tailwindcss/oxide-linux-x64-gnu": "4.1.18",
        "@tailwindcss/oxide-linux-x64-musl": "4.1.18",
        "@tailwindcss/oxide-wasm32-wasi": "4.1.18",
        "@tailwindcss/oxide-win32-arm64-msvc": "4.1.18",
        "@tailwindcss/oxide-win32-x64-msvc": "4.1.18"
      }
    },
    "node_modules/@tailwindcss/oxide-darwin-arm64": {
      "version": "4.1.18",
      "cpu": [
        "arm64"
      ],
      "license": "MIT",
      "optional": true,
      "os": [
        "darwin"
      ],
      "engines": {
        "node": ">= 10"
      }
    },
    "node_modules/@tailwindcss/postcss": {
      "version": "4.1.18",
      "license": "MIT",
      "dependencies": {
        "@alloc/quick-lru": "^5.2.0",
        "@tailwindcss/node": "4.1.18",
        "@tailwindcss/oxide": "4.1.18",
        "postcss": "^8.4.41",
        "tailwindcss": "4.1.18"
      }
    },
    "node_modules/@tanstack/query-core": {
      "version": "5.90.16",
      "license": "MIT",
      "funding": {
        "type": "github",
        "url": "https://github.com/sponsors/tannerlinsley"
      }
    },
    "node_modules/@tanstack/query-devtools": {
      "version": "5.92.0",
      "dev": true,
      "license": "MIT",
      "funding": {
        "type": "github",
        "url": "https://github.com/sponsors/tannerlinsley"
      }
    },
    "node_modules/@tanstack/react-query": {
      "version": "5.90.16",
      "license": "MIT",
      "dependencies": {
        "@tanstack/query-core": "5.90.16"
      },
      "funding": {
        "type": "github",
        "url": "https://github.com/sponsors/tannerlinsley"
      },
      "peerDependencies": {
        "react": "^18 || ^19"
      }
    },
    "node_modules/@tanstack/react-query-devtools": {
      "version": "5.91.2",
      "dev": true,
      "license": "MIT",
      "dependencies": {
        "@tanstack/query-devtools": "5.92.0"
      },
      "funding": {
        "type": "github",
        "url": "https://github.com/sponsors/tannerlinsley"
      },
      "peerDependencies": {
        "@tanstack/react-query": "^5.90.14",
        "react": "^18 || ^19"
      }
    },
    "node_modules/@types/node": {
      "version": "20.9.4",
      "dev": true,
      "license": "MIT",
      "dependencies": {
        "undici-types": "~5.26.4"
      }
    },
    "node_modules/@types/react": {
      "version": "19.2.7",
      "dev": true,
      "license": "MIT",
      "dependencies": {
        "csstype": "^3.2.2"
      }
    },
    "node_modules/@types/react-dom": {
      "version": "19.2.3",
      "dev": true,
      "license": "MIT",
      "peerDependencies": {
        "@types/react": "^19.2.0"
      }
    },
    "node_modules/asn1js": {
      "version": "3.0.7",
      "license": "BSD-3-Clause",
      "dependencies": {
        "pvtsutils": "^1.3.6",
        "pvutils": "^1.1.3",
        "tslib": "^2.8.1"
      },
      "engines": {
        "node": ">=12.0.0"
      }
    },
    "node_modules/baseline-browser-mapping": {
      "version": "2.9.14",
      "license": "Apache-2.0",
      "bin": {
        "baseline-browser-mapping": "dist/cli.js"
      }
    },
    "node_modules/caniuse-lite": {
      "version": "1.0.30001764",
      "funding": [
        {
          "type": "opencollective",
          "url": "https://opencollective.com/browserslist"
        },
        {
          "type": "tidelift",
          "url": "https://tidelift.com/funding/github/npm/caniuse-lite"
        },
        {
          "type": "github",
          "url": "https://github.com/sponsors/ai"
        }
      ],
      "license": "CC-BY-4.0"
    },
    "node_modules/client-only": {
      "version": "0.0.1",
      "license": "MIT"
    },
    "node_modules/csstype": {
      "version": "3.2.3",
      "dev": true,
      "license": "MIT"
    },
    "node_modules/detect-libc": {
      "version": "2.1.2",
      "license": "Apache-2.0",
      "engines": {
        "node": ">=8"
      }
    },
    "node_modules/dotenv": {
      "version": "16.3.1",
      "dev": true,
      "license": "BSD-2-Clause",
      "engines": {
        "node": ">=12"
      },
      "funding": {
        "url": "https://github.com/motdotla/dotenv?sponsor=1"
      }
    },
    "node_modules/enhanced-resolve": {
      "version": "5.18.4",
      "license": "MIT",
      "dependencies": {
        "graceful-fs": "^4.2.4",
        "tapable": "^2.2.0"
      },
      "engines": {
        "node": ">=10.13.0"
      }
    },
    "node_modules/graceful-fs": {
      "version": "4.2.11",
      "license": "ISC"
    },
    "node_modules/idb": {
      "version": "7.1.1",
      "license": "ISC"
    },
    "node_modules/jiti": {
      "version": "2.6.1",
      "license": "MIT",
      "bin": {
        "jiti": "lib/jiti-cli.mjs"
      }
    },
    "node_modules/lightningcss": {
      "version": "1.30.2",
      "license": "MPL-2.0",
      "dependencies": {
        "detect-libc": "^2.0.3"
      },
      "engines": {
        "node": ">= 12.0.0"
      },
      "funding": {
        "type": "opencollective",
        "url": "https://opencollective.com/parcel"
      },
      "optionalDependencies": {
        "lightningcss-android-arm64": "1.30.2",
        "lightningcss-darwin-arm64": "1.30.2",
        "lightningcss-darwin-x64": "1.30.2",
        "lightningcss-freebsd-x64": "1.30.2",
        "lightningcss-linux-arm-gnueabihf": "1.30.2",
        "lightningcss-linux-arm64-gnu": "1.30.2",
        "lightningcss-linux-arm64-musl": "1.30.2",
        "lightningcss-linux-x64-gnu": "1.30.2",
        "lightningcss-linux-x64-musl": "1.30.2",
        "lightningcss-win32-arm64-msvc": "1.30.2",
        "lightningcss-win32-x64-msvc": "1.30.2"
      }
    },
    "node_modules/lightningcss-darwin-arm64": {
      "version": "1.30.2",
      "cpu": [
        "arm64"
      ],
      "license": "MPL-2.0",
      "optional": true,
      "os": [
        "darwin"
      ],
      "engines": {
        "node": ">= 12.0.0"
      },
      "funding": {
        "type": "opencollective",
        "url": "https://opencollective.com/parcel"
      }
    },
    "node_modules/magic-string": {
      "version": "0.30.21",
      "license": "MIT",
      "dependencies": {
        "@jridgewell/sourcemap-codec": "^1.5.5"
      }
    },
    "node_modules/nanoid": {
      "version": "3.3.11",
      "funding": [
        {
          "type": "github",
          "url": "https://github.com/sponsors/ai"
        }
      ],
      "license": "MIT",
      "bin": {
        "nanoid": "bin/nanoid.cjs"
      },
      "engines": {
        "node": "^10 || ^12 || ^13.7 || ^14 || >=15.0.1"
      }
    },
    "node_modules/next": {
      "version": "16.1.1",
      "license": "MIT",
      "dependencies": {
        "@next/env": "16.1.1",
        "@swc/helpers": "0.5.15",
        "baseline-browser-mapping": "^2.8.3",
        "caniuse-lite": "^1.0.30001579",
        "postcss": "8.4.31",
        "styled-jsx": "5.1.6"
      },
      "bin": {
        "next": "dist/bin/next"
      },
      "engines": {
        "node": ">=20.9.0"
      },
      "optionalDependencies": {
        "@next/swc-darwin-arm64": "16.1.1",
        "@next/swc-darwin-x64": "16.1.1",
        "@next/swc-linux-arm64-gnu": "16.1.1",
        "@next/swc-linux-arm64-musl": "16.1.1",
        "@next/swc-linux-x64-gnu": "16.1.1",
        "@next/swc-linux-x64-musl": "16.1.1",
        "@next/swc-win32-arm64-msvc": "16.1.1",
        "@next/swc-win32-x64-msvc": "16.1.1",
        "sharp": "^0.34.4"
      },
      "peerDependencies": {
        "@opentelemetry/api": "^1.1.0",
        "@playwright/test": "^1.51.1",
        "babel-plugin-react-compiler": "*",
        "react": "^18.2.0 || 19.0.0-rc-de68d2f4-20241204 || ^19.0.0",
        "react-dom": "^18.2.0 || 19.0.0-rc-de68d2f4-20241204 || ^19.0.0",
        "sass": "^1.3.0"
      },
      "peerDependenciesMeta": {
        "@opentelemetry/api": {
          "optional": true
        },
        "@playwright/test": {
          "optional": true
        },
        "babel-plugin-react-compiler": {
          "optional": true
        },
        "sass": {
          "optional": true
        }
      }
    },
    "node_modules/next/node_modules/postcss": {
      "version": "8.4.31",
      "funding": [
        {
          "type": "opencollective",
          "url": "https://opencollective.com/postcss/"
        },
        {
          "type": "tidelift",
          "url": "https://tidelift.com/funding/github/npm/postcss"
        },
        {
          "type": "github",
          "url": "https://github.com/sponsors/ai"
        }
      ],
      "license": "MIT",
      "dependencies": {
        "nanoid": "^3.3.6",
        "picocolors": "^1.0.0",
        "source-map-js": "^1.0.2"
      },
      "engines": {
        "node": "^10 || ^12 || >=14"
      }
    },
    "node_modules/picocolors": {
      "version": "1.1.1",
      "license": "ISC"
    },
    "node_modules/postcss": {
      "version": "8.5.6",
      "funding": [
        {
          "type": "opencollective",
          "url": "https://opencollective.com/postcss/"
        },
        {
          "type": "tidelift",
          "url": "https://tidelift.com/funding/github/npm/postcss"
        },
        {
          "type": "github",
          "url": "https://github.com/sponsors/ai"
        }
      ],
      "license": "MIT",
      "dependencies": {
        "nanoid": "^3.3.11",
        "picocolors": "^1.1.1",
        "source-map-js": "^1.2.1"
      },
      "engines": {
        "node": "^10 || ^12 || >=14"
      }
    },
    "node_modules/pvtsutils": {
      "version": "1.3.6",
      "license": "MIT",
      "dependencies": {
        "tslib": "^2.8.1"
      }
    },
    "node_modules/pvutils": {
      "version": "1.1.5",
      "license": "MIT",
      "engines": {
        "node": ">=16.0.0"
      }
    },
    "node_modules/react": {
      "version": "19.2.3",
      "license": "MIT",
      "engines": {
        "node": ">=0.10.0"
      }
    },
    "node_modules/react-dom": {
      "version": "19.2.3",
      "license": "MIT",
      "dependencies": {
        "scheduler": "^0.27.0"
      },
      "peerDependencies": {
        "react": "^19.2.3"
      }
    },
    "node_modules/scheduler": {
      "version": "0.27.0",
      "license": "MIT"
    },
    "node_modules/semver": {
      "version": "7.7.3",
      "license": "ISC",
      "optional": true,
      "bin": {
        "semver": "bin/semver.js"
      },
      "engines": {
        "node": ">=10"
      }
    },
    "node_modules/sharp": {
      "version": "0.34.5",
      "hasInstallScript": true,
      "license": "Apache-2.0",
      "optional": true,
      "dependencies": {
        "@img/colour": "^1.0.0",
        "detect-libc": "^2.1.2",
        "semver": "^7.7.3"
      },
      "engines": {
        "node": "^18.17.0 || ^20.3.0 || >=21.0.0"
      },
      "funding": {
        "url": "https://opencollective.com/libvips"
      },
      "optionalDependencies": {
        "@img/sharp-darwin-arm64": "0.34.5",
        "@img/sharp-darwin-x64": "0.34.5",
        "@img/sharp-libvips-darwin-arm64": "1.2.4",
        "@img/sharp-libvips-darwin-x64": "1.2.4",
        "@img/sharp-libvips-linux-arm": "1.2.4",
        "@img/sharp-libvips-linux-arm64": "1.2.4",
        "@img/sharp-libvips-linux-ppc64": "1.2.4",
        "@img/sharp-libvips-linux-riscv64": "1.2.4",
        "@img/sharp-libvips-linux-s390x": "1.2.4",
        "@img/sharp-libvips-linux-x64": "1.2.4",
        "@img/sharp-libvips-linuxmusl-arm64": "1.2.4",
        "@img/sharp-libvips-linuxmusl-x64": "1.2.4",
        "@img/sharp-linux-arm": "0.34.5",
        "@img/sharp-linux-arm64": "0.34.5",
        "@img/sharp-linux-ppc64": "0.34.5",
        "@img/sharp-linux-riscv64": "0.34.5",
        "@img/sharp-linux-s390x": "0.34.5",
        "@img/sharp-linux-x64": "0.34.5",
        "@img/sharp-linuxmusl-arm64": "0.34.5",
        "@img/sharp-linuxmusl-x64": "0.34.5",
        "@img/sharp-wasm32": "0.34.5",
        "@img/sharp-win32-arm64": "0.34.5",
        "@img/sharp-win32-ia32": "0.34.5",
        "@img/sharp-win32-x64": "0.34.5"
      }
    },
    "node_modules/source-map-js": {
      "version": "1.2.1",
      "license": "BSD-3-Clause",
      "engines": {
        "node": ">=0.10.0"
      }
    },
    "node_modules/styled-jsx": {
      "version": "5.1.6",
      "license": "MIT",
      "dependencies": {
        "client-only": "0.0.1"
      },
      "engines": {
        "node": ">= 12.0.0"
      },
      "peerDependencies": {
        "react": ">= 16.8.0 || 17.x.x || ^18.0.0-0 || ^19.0.0-0"
      },
      "peerDependenciesMeta": {
        "@babel/core": {
          "optional": true
        },
        "babel-plugin-macros": {
          "optional": true
        }
      }
    },
    "node_modules/tailwindcss": {
      "version": "4.1.18",
      "license": "MIT"
    },
    "node_modules/tapable": {
      "version": "2.3.0",
      "license": "MIT",
      "engines": {
        "node": ">=6"
      },
      "funding": {
        "type": "opencollective",
        "url": "https://opencollective.com/webpack"
      }
    },
    "node_modules/tslib": {
      "version": "2.8.1",
      "license": "0BSD"
    },
    "node_modules/typescript": {
      "version": "5.9.3",
      "dev": true,
      "license": "Apache-2.0",
      "bin": {
        "tsc": "bin/tsc",
        "tsserver": "bin/tsserver"
      },
      "engines": {
        "node": ">=14.17"
      }
    },
    "node_modules/undici-types": {
      "version": "5.26.5",
      "dev": true,
      "license": "MIT"
    }
  }
}
